<?xml version="1.0" encoding="utf-8"?>
<Project ToolsVersion="4.0" xmlns="http://schemas.microsoft.com/developer/msbuild/2003">
  <ItemGroup>
    <Filter Include="Src">
      <UniqueIdentifier>{0c351ca0-aaec-4372-aa36-b3be30f0b581}</UniqueIdentifier>
    </Filter>
  </ItemGroup>
  <ItemGroup>
    <ClCompile Include="src\filter.cpp">
      <Filter>Src</Filter>
    </ClCompile>
    <ClCompile Include="src\smooth.cpp">
      <Filter>Src</Filter>
    </ClCompile>
    <ClCompile Include="src\tables.cpp">
      <Filter>Src</Filter>
    </ClCompile>
    <ClCompile Include="src\templmatch.cpp">
      <Filter>Src</Filter>
    </ClCompile>
    <ClCompile Include="src\opencl_kernels_imgproc.cpp">
      <Filter>Src</Filter>
    </ClCompile>
    <ClCompile Include="src\sumpixels.cpp">
      <Filter>Src</Filter>
    </ClCompile>
    <ClCompile Include="src\threshold.cpp">
      <Filter>Src</Filter>
    </ClCompile>
    <ClCompile Include="src\filter.avx2.cpp">
      <Filter>Src</Filter>
    </ClCompile>
  </ItemGroup>
  <ItemGroup>
    <ClInclude Include="src\filter.hpp">
      <Filter>Src</Filter>
    </ClInclude>
    <ClInclude Include="src\opencl_kernels_imgproc.hpp">
      <Filter>Src</Filter>
    </ClInclude>
  </ItemGroup>
</Project>