<?xml version="1.0" encoding="utf-8"?>
<Project ToolsVersion="4.0" xmlns="http://schemas.microsoft.com/developer/msbuild/2003">
  <ItemGroup>
    <Filter Include="Object Libraries">
      <UniqueIdentifier>{a04edb2e-7674-48a1-a119-c3185fa48ad0}</UniqueIdentifier>
    </Filter>
    <Filter Include="Src">
      <UniqueIdentifier>{64616a72-9989-442a-9f70-fb332cd9d2e5}</UniqueIdentifier>
    </Filter>
  </ItemGroup>
  <ItemGroup>
    <ClCompile Include="src\ap3p.cpp">
      <Filter>Src</Filter>
    </ClCompile>
    <ClCompile Include="src\calibration.cpp">
      <Filter>Src</Filter>
    </ClCompile>
    <ClCompile Include="src\compat_ptsetreg.cpp">
      <Filter>Src</Filter>
    </ClCompile>
    <ClCompile Include="src\epnp.cpp">
      <Filter>Src</Filter>
    </ClCompile>
    <ClCompile Include="src\fisheye.cpp">
      <Filter>Src</Filter>
    </ClCompile>
    <ClCompile Include="src\fundam.cpp">
      <Filter>Src</Filter>
    </ClCompile>
    <ClCompile Include="src\levmarq.cpp">
      <Filter>Src</Filter>
    </ClCompile>
    <ClCompile Include="src\p3p.cpp">
      <Filter>Src</Filter>
    </ClCompile>
    <ClCompile Include="src\polynom_solver.cpp">
      <Filter>Src</Filter>
    </ClCompile>
    <ClCompile Include="src\ptsetreg.cpp">
      <Filter>Src</Filter>
    </ClCompile>
    <ClCompile Include="src\rho.cpp">
      <Filter>Src</Filter>
    </ClCompile>
    <ClCompile Include="src\solvepnp.cpp">
      <Filter>Src</Filter>
    </ClCompile>
    <ClCompile Include="src\opencl_kernels_calib3d.cpp">
      <Filter>Src</Filter>
    </ClCompile>
  </ItemGroup>
  <ItemGroup>
    <ClInclude Include="src\ap3p.h">
      <Filter>Src</Filter>
    </ClInclude>
    <ClInclude Include="src\epnp.h">
      <Filter>Src</Filter>
    </ClInclude>
    <ClInclude Include="src\fisheye.hpp">
      <Filter>Src</Filter>
    </ClInclude>
    <ClInclude Include="src\p3p.h">
      <Filter>Src</Filter>
    </ClInclude>
    <ClInclude Include="src\polynom_solver.h">
      <Filter>Src</Filter>
    </ClInclude>
    <ClInclude Include="src\precomp.hpp">
      <Filter>Src</Filter>
    </ClInclude>
    <ClInclude Include="src\rho.h">
      <Filter>Src</Filter>
    </ClInclude>
    <ClInclude Include="src\opencl_kernels_calib3d.hpp">
      <Filter>Src</Filter>
    </ClInclude>
  </ItemGroup>
</Project>