
Microsoft Visual Studio Solution File, Format Version 12.00
# Visual Studio 15
VisualStudioVersion = 15.0.33026.149
MinimumVisualStudioVersion = 10.0.40219.1
Project("{8BC9CEB8-8B4A-11D0-8D11-00A0C91BC942}") = "Sobel", "Sobel\Sobel.vcxproj", "{965BD0A7-5AA1-4B29-9AD7-23513EBB4B5C}"
EndProject
Project("{8BC9CEB8-8B4A-11D0-8D11-00A0C91BC942}") = "Kmeans", "Kmeans\Kmeans.vcxproj", "{114114B5-E115-4959-91EE-D12F4C408928}"
EndProject
Project("{8BC9CEB8-8B4A-11D0-8D11-00A0C91BC942}") = "Laplacian", "Laplacian\Laplacian.vcxproj", "{EF0C494E-9526-47BB-AFF1-CEEEE667FB1D}"
EndProject
Project("{8BC9CEB8-8B4A-11D0-8D11-00A0C91BC942}") = "Surf", "Surf\Surf.vcxproj", "{776CE7DE-126B-4339-8708-B3CD5959BD32}"
EndProject
Project("{8BC9CEB8-8B4A-11D0-8D11-00A0C91BC942}") = "SVM", "SVM\SVM.vcxproj", "{8B0BC6C6-37B3-462C-A845-5DF667F00E6A}"
EndProject
Project("{8BC9CEB8-8B4A-11D0-8D11-00A0C91BC942}") = "Canny", "Canny\Canny.vcxproj", "{5FFEC77A-1EF1-4C03-AAA5-DFCFB366A4C3}"
EndProject
Global
	GlobalSection(SolutionConfigurationPlatforms) = preSolution
		Debug|x64 = Debug|x64
		Debug|x86 = Debug|x86
		Release|x64 = Release|x64
		Release|x86 = Release|x86
	EndGlobalSection
	GlobalSection(ProjectConfigurationPlatforms) = postSolution
		{965BD0A7-5AA1-4B29-9AD7-23513EBB4B5C}.Debug|x64.ActiveCfg = Debug|x64
		{965BD0A7-5AA1-4B29-9AD7-23513EBB4B5C}.Debug|x64.Build.0 = Debug|x64
		{965BD0A7-5AA1-4B29-9AD7-23513EBB4B5C}.Debug|x86.ActiveCfg = Debug|Win32
		{965BD0A7-5AA1-4B29-9AD7-23513EBB4B5C}.Debug|x86.Build.0 = Debug|Win32
		{965BD0A7-5AA1-4B29-9AD7-23513EBB4B5C}.Release|x64.ActiveCfg = Release|x64
		{965BD0A7-5AA1-4B29-9AD7-23513EBB4B5C}.Release|x64.Build.0 = Release|x64
		{965BD0A7-5AA1-4B29-9AD7-23513EBB4B5C}.Release|x86.ActiveCfg = Release|Win32
		{965BD0A7-5AA1-4B29-9AD7-23513EBB4B5C}.Release|x86.Build.0 = Release|Win32
		{114114B5-E115-4959-91EE-D12F4C408928}.Debug|x64.ActiveCfg = Debug|x64
		{114114B5-E115-4959-91EE-D12F4C408928}.Debug|x64.Build.0 = Debug|x64
		{114114B5-E115-4959-91EE-D12F4C408928}.Debug|x86.ActiveCfg = Debug|Win32
		{114114B5-E115-4959-91EE-D12F4C408928}.Debug|x86.Build.0 = Debug|Win32
		{114114B5-E115-4959-91EE-D12F4C408928}.Release|x64.ActiveCfg = Release|x64
		{114114B5-E115-4959-91EE-D12F4C408928}.Release|x64.Build.0 = Release|x64
		{114114B5-E115-4959-91EE-D12F4C408928}.Release|x86.ActiveCfg = Release|Win32
		{114114B5-E115-4959-91EE-D12F4C408928}.Release|x86.Build.0 = Release|Win32
		{EF0C494E-9526-47BB-AFF1-CEEEE667FB1D}.Debug|x64.ActiveCfg = Debug|x64
		{EF0C494E-9526-47BB-AFF1-CEEEE667FB1D}.Debug|x64.Build.0 = Debug|x64
		{EF0C494E-9526-47BB-AFF1-CEEEE667FB1D}.Debug|x86.ActiveCfg = Debug|Win32
		{EF0C494E-9526-47BB-AFF1-CEEEE667FB1D}.Debug|x86.Build.0 = Debug|Win32
		{EF0C494E-9526-47BB-AFF1-CEEEE667FB1D}.Release|x64.ActiveCfg = Release|x64
		{EF0C494E-9526-47BB-AFF1-CEEEE667FB1D}.Release|x64.Build.0 = Release|x64
		{EF0C494E-9526-47BB-AFF1-CEEEE667FB1D}.Release|x86.ActiveCfg = Release|Win32
		{EF0C494E-9526-47BB-AFF1-CEEEE667FB1D}.Release|x86.Build.0 = Release|Win32
		{776CE7DE-126B-4339-8708-B3CD5959BD32}.Debug|x64.ActiveCfg = Debug|x64
		{776CE7DE-126B-4339-8708-B3CD5959BD32}.Debug|x64.Build.0 = Debug|x64
		{776CE7DE-126B-4339-8708-B3CD5959BD32}.Debug|x86.ActiveCfg = Debug|Win32
		{776CE7DE-126B-4339-8708-B3CD5959BD32}.Debug|x86.Build.0 = Debug|Win32
		{776CE7DE-126B-4339-8708-B3CD5959BD32}.Release|x64.ActiveCfg = Release|x64
		{776CE7DE-126B-4339-8708-B3CD5959BD32}.Release|x64.Build.0 = Release|x64
		{776CE7DE-126B-4339-8708-B3CD5959BD32}.Release|x86.ActiveCfg = Release|Win32
		{776CE7DE-126B-4339-8708-B3CD5959BD32}.Release|x86.Build.0 = Release|Win32
		{8B0BC6C6-37B3-462C-A845-5DF667F00E6A}.Debug|x64.ActiveCfg = Debug|x64
		{8B0BC6C6-37B3-462C-A845-5DF667F00E6A}.Debug|x64.Build.0 = Debug|x64
		{8B0BC6C6-37B3-462C-A845-5DF667F00E6A}.Debug|x86.ActiveCfg = Debug|Win32
		{8B0BC6C6-37B3-462C-A845-5DF667F00E6A}.Debug|x86.Build.0 = Debug|Win32
		{8B0BC6C6-37B3-462C-A845-5DF667F00E6A}.Release|x64.ActiveCfg = Release|x64
		{8B0BC6C6-37B3-462C-A845-5DF667F00E6A}.Release|x64.Build.0 = Release|x64
		{8B0BC6C6-37B3-462C-A845-5DF667F00E6A}.Release|x86.ActiveCfg = Release|Win32
		{8B0BC6C6-37B3-462C-A845-5DF667F00E6A}.Release|x86.Build.0 = Release|Win32
		{5FFEC77A-1EF1-4C03-AAA5-DFCFB366A4C3}.Debug|x64.ActiveCfg = Debug|x64
		{5FFEC77A-1EF1-4C03-AAA5-DFCFB366A4C3}.Debug|x64.Build.0 = Debug|x64
		{5FFEC77A-1EF1-4C03-AAA5-DFCFB366A4C3}.Debug|x86.ActiveCfg = Debug|Win32
		{5FFEC77A-1EF1-4C03-AAA5-DFCFB366A4C3}.Debug|x86.Build.0 = Debug|Win32
		{5FFEC77A-1EF1-4C03-AAA5-DFCFB366A4C3}.Release|x64.ActiveCfg = Release|x64
		{5FFEC77A-1EF1-4C03-AAA5-DFCFB366A4C3}.Release|x64.Build.0 = Release|x64
		{5FFEC77A-1EF1-4C03-AAA5-DFCFB366A4C3}.Release|x86.ActiveCfg = Release|Win32
		{5FFEC77A-1EF1-4C03-AAA5-DFCFB366A4C3}.Release|x86.Build.0 = Release|Win32
	EndGlobalSection
	GlobalSection(SolutionProperties) = preSolution
		HideSolutionNode = FALSE
	EndGlobalSection
	GlobalSection(ExtensibilityGlobals) = postSolution
		SolutionGuid = {2A3437AC-E08A-4356-B48E-F747710C45B5}
	EndGlobalSection
EndGlobal
