Microsoft Visual Studio Solution File, Format Version 12.00
# Visual Studio 15
VisualStudioVersion = 15.0.33026.149
MinimumVisualStudioVersion = 10.0.40219.1
Project("{8BC9CEB8-8B4A-11D0-8D11-00A0C91BC942}") = "Sobel", "Sobel\Sobel.vcxproj", "{965BD0A7-5AA1-4B29-9AD7-23513EBB4B5C}"
EndProject
Project("{8BC9CEB8-8B4A-11D0-8D11-00A0C91BC942}") = "Kmeans", "Kmeans\Kmeans.vcxproj", "{114114B5-E115-4959-91EE-D12F4C408928}"
EndProject
Project("{8BC9CEB8-8B4A-11D0-8D11-00A0C91BC942}") = "Laplacian", "Laplacian\Laplacian.vcxproj", "{EF0C494E-9526-47BB-AFF1-CEEEE667FB1D}"
EndProject
Project("{8BC9CEB8-8B4A-11D0-8D11-00A0C91BC942}") = "Surf", "Surf\Surf.vcxproj", "{776CE7DE-126B-4339-8708-B3CD5959BD32}"
EndProject
Project("{8BC9CEB8-8B4A-11D0-8D11-00A0C91BC942}") = "SVM", "SVM\SVM.vcxproj", "{8B0BC6C6-37B3-462C-A845-5DF667F00E6A}"
EndProject
Project("{8BC9CEB8-8B4A-11D0-8D11-00A0C91BC942}") = "Canny", "Canny\Canny.vcxproj", "{5FFEC77A-1EF1-4C03-AAA5-DFCFB366A4C3}"
EndProject
Project("{8BC9CEB8-8B4A-11D0-8D11-00A0C91BC942}") = "Test", "Test\Test.vcxproj", "{375B6386-66E1-4109-9C1F-9A8D96CEF35E}"
EndProject
Project("{8BC9CEB8-8B4A-11D0-8D11-00A0C91BC942}") = "Harris", "Harris\Harris.vcxproj", "{228F43D3-7ED9-4236-8BC8-E7A31B69EAC9}"
EndProject
Project("{8BC9CEB8-8B4A-11D0-8D11-00A0C91BC942}") = "Threshold", "Threshold\Threshold.vcxproj", "{A3F36374-85A8-4A3A-9D07-4F31FB7E7E6F}"
EndProject
Project("{8BC9CEB8-8B4A-11D0-8D11-00A0C91BC942}") = "AdaptiveThreshold", "AdaptiveThreshold\AdaptiveThreshold.vcxproj", "{93539CE1-BCA6-46CF-A7AE-377F4EE94115}"
EndProject
Project("{8BC9CEB8-8B4A-11D0-8D11-00A0C91BC942}") = "GrabCut", "GrabCut\GrabCut.vcxproj", "{2D4566E8-E586-4E15-B258-24AAC804E175}"
EndProject
Project("{8BC9CEB8-8B4A-11D0-8D11-00A0C91BC942}") = "AffineTransform", "AffineTransform\AffineTransform.vcxproj", "{B7034C9E-DE4F-49F2-8FC5-460F2552A393}"
EndProject
Project("{8BC9CEB8-8B4A-11D0-8D11-00A0C91BC942}") = "Resize", "Resize\Resize.vcxproj", "{45E3FFDF-3E72-4A4B-9B5A-F19F4469A607}"
EndProject
Project("{8BC9CEB8-8B4A-11D0-8D11-00A0C91BC942}") = "FillPoly", "FillPoly\FillPoly.vcxproj", "{D27B5182-8C58-45BD-BC7B-41C7C15121D2}"
EndProject
Project("{8BC9CEB8-8B4A-11D0-8D11-00A0C91BC942}") = "Erode", "Erode\Erode.vcxproj", "{4DEC8B4F-D51B-43B9-B589-7F08BD915A20}"
EndProject
Project("{8BC9CEB8-8B4A-11D0-8D11-00A0C91BC942}") = "Dilate", "Dilate\Dilate.vcxproj", "{C472F0E2-1D83-4AEA-B9F9-710CB8C566A2}"
EndProject
Project("{8BC9CEB8-8B4A-11D0-8D11-00A0C91BC942}") = "OpenOperation", "Open\Open.vcxproj", "{BAC3C7D4-4D2D-47B1-9B7D-5616016C26B4}"
EndProject
Project("{8BC9CEB8-8B4A-11D0-8D11-00A0C91BC942}") = "CloseOperation", "Close\Close.vcxproj", "{BFD7F31A-13AA-4830-814B-7516162D8AE6}"
EndProject
Project("{8BC9CEB8-8B4A-11D0-8D11-00A0C91BC942}") = "Gradient", "Gradient\Gradient.vcxproj", "{449DE168-901E-48F4-8D5B-D19233DBF155}"
EndProject
Project("{8BC9CEB8-8B4A-11D0-8D11-00A0C91BC942}") = "Blackhat", "Blackhat\Blackhat.vcxproj", "{1E4700E4-C9B9-4EE2-93AB-3D73DC21B404}"
EndProject
Project("{8BC9CEB8-8B4A-11D0-8D11-00A0C91BC942}") = "Tophat", "Tophat\Tophat.vcxproj", "{C0ABEC2E-3C92-4F48-8244-A383AAE64A2F}"
EndProject
Project("{8BC9CEB8-8B4A-11D0-8D11-00A0C91BC942}") = "ShadowCorrection", "ShadowCorrection\ShadowCorrection.vcxproj", "{04C5536D-2CCD-4EF5-A029-7AF659EEDC2D}"
EndProject
Project("{8BC9CEB8-8B4A-11D0-8D11-00A0C91BC942}") = "BrightnessAndContrast", "BrightnessAndContrast\BrightnessAndContrast.vcxproj", "{BC2C24C9-365D-4674-B2D1-024EE7441FEE}"
EndProject
Project("{8BC9CEB8-8B4A-11D0-8D11-00A0C91BC942}") = "RegionGrow", "RegionGrow\RegionGrow.vcxproj", "{0B510312-BB42-46A1-98ED-E2EF7B7276BF}"
EndProject
Project("{8BC9CEB8-8B4A-11D0-8D11-00A0C91BC942}") = "ImgOperation", "ImgOperation\ImgOperation.vcxproj", "{E7A61695-88D8-4F4D-B01B-8D15D5A303AE}"
EndProject
Project("{8BC9CEB8-8B4A-11D0-8D11-00A0C91BC942}") = "Fast", "Fast\Fast.vcxproj", "{2E828D75-1D3F-4403-9719-EEDA228918FD}"
EndProject
Project("{8BC9CEB8-8B4A-11D0-8D11-00A0C91BC942}") = "Brisk", "Brisk\Brisk.vcxproj", "{8FE4DC83-4E4A-4CD2-A599-3CB76260283E}"
EndProject
Project("{8BC9CEB8-8B4A-11D0-8D11-00A0C91BC942}") = "MatchContourShape", "MatchContourShape\MatchContourShape.vcxproj", "{4C54E07B-B236-49EC-8866-29706979602A}"
EndProject
Project("{8BC9CEB8-8B4A-11D0-8D11-00A0C91BC942}") = "GaussianBlur", "GaussianBlur\GaussianBlur.vcxproj", "{DD818C6E-3EC1-4507-BB25-59C7449BEEC0}"
EndProject
Project("{8BC9CEB8-8B4A-11D0-8D11-00A0C91BC942}") = "BoxFilter", "BoxFilter\BoxFilter.vcxproj", "{CA1BC745-BF94-472C-ADDD-539CCD9BBFC6}"
EndProject
Project("{8BC9CEB8-8B4A-11D0-8D11-00A0C91BC942}") = "BilateralFilter", "BilateralFilter\BilateralFilter.vcxproj", "{E908F52A-5A3C-40EA-ADB8-21B3CEB8AFAE}"
EndProject
Project("{8BC9CEB8-8B4A-11D0-8D11-00A0C91BC942}") = "SquaredBoxFilter", "SquaredBoxFilter\SquaredBoxFilter.vcxproj", "{71B5F219-2B4B-49BD-BFC8-FC7D3304AE5D}"
EndProject
Project("{8BC9CEB8-8B4A-11D0-8D11-00A0C91BC942}") = "MedianBlur", "MedianBlur\MedianBlur.vcxproj", "{784B91F4-5E2C-4087-B5FD-4169E58C1C17}"
EndProject
Project("{8BC9CEB8-8B4A-11D0-8D11-00A0C91BC942}") = "LineFit", "LineFit\LineFit.vcxproj", "{A2C0FEE7-82C7-4084-854F-6B4A5BA58DDF}"
EndProject
Project("{8BC9CEB8-8B4A-11D0-8D11-00A0C91BC942}") = "EllipseFit", "EllipseFit\EllipseFit.vcxproj", "{3B084CFB-F5DD-442C-A004-362FE98DD120}"
EndProject
Project("{8BC9CEB8-8B4A-11D0-8D11-00A0C91BC942}") = "CvtColor", "CvtColor\CvtColor.vcxproj", "{76864583-EF74-47D2-B1C8-DA5453D5B851}"
EndProject
Project("{8BC9CEB8-8B4A-11D0-8D11-00A0C91BC942}") = "InRange", "InRange\InRange.vcxproj", "{F85DC1C1-90E4-4DD0-A42F-32F07E11F691}"
EndProject
Project("{8BC9CEB8-8B4A-11D0-8D11-00A0C91BC942}") = "Rgb2hsi", "Rgb2hsi\Rgb2hsi.vcxproj", "{9DD1999A-E76F-42F9-9686-6B2C4843C25A}"
EndProject
Project("{8BC9CEB8-8B4A-11D0-8D11-00A0C91BC942}") = "BlurDetection", "BlurDetectionByStd\BlurDetectionByStd.vcxproj", "{4A7B9BC5-D609-4E3D-A581-5273EA1ED405}"
EndProject
Project("{8BC9CEB8-8B4A-11D0-8D11-00A0C91BC942}") = "ContourArea", "ContourArea\ContourArea.vcxproj", "{953BF8AF-8F49-408C-A3F9-24887A13AD73}"
EndProject
Project("{8BC9CEB8-8B4A-11D0-8D11-00A0C91BC942}") = "Stitching", "Stitching\Stitching.vcxproj", "{AD34D648-4C68-4BFE-B5DC-CDDB03F5FF62}"
EndProject
Project("{8BC9CEB8-8B4A-11D0-8D11-00A0C91BC942}") = "FindContoursAll", "FindContoursAll\FindContoursAll.vcxproj", "{1BE3A80E-70E0-4079-A653-FDF95FC97542}"
EndProject
Project("{8BC9CEB8-8B4A-11D0-8D11-00A0C91BC942}") = "FindContoursSimple", "FindContoursSimple\FindContoursSimple.vcxproj", "{F4843D60-0C12-410F-9AA8-BF450EFFC81F}"
EndProject
Project("{8BC9CEB8-8B4A-11D0-8D11-00A0C91BC942}") = "FindContoursTeh-Chin", "FindContoursTeh-Chin\FindContoursTeh-Chin.vcxproj", "{78DA3319-03F0-4CDA-85B8-D94BD3F78D11}"
EndProject
Project("{8BC9CEB8-8B4A-11D0-8D11-00A0C91BC942}") = "EstimateAffine3D", "EstimateAffine3D\EstimateAffine3D.vcxproj", "{C8A9C054-6ADD-4AEA-BBA5-ED02AD312207}"
EndProject
Project("{8BC9CEB8-8B4A-11D0-8D11-00A0C91BC942}") = "EstimateAffine2D", "EstimateAffine2D\EstimateAffine2D.vcxproj", "{F6083D0F-307F-45DA-80BA-F7F15E2E2C14}"
EndProject
Project("{8BC9CEB8-8B4A-11D0-8D11-00A0C91BC942}") = "EllipseCircleFit", "EllipseCircleFit\EllipseCircleFit.vcxproj", "{8F398174-5BC7-46D6-AF97-C26E6E94F979}"
EndProject
Project("{8BC9CEB8-8B4A-11D0-8D11-00A0C91BC942}") = "Undistort", "Undistort\Undistort.vcxproj", "{B73BE168-D645-4B6E-ABFC-C18561C4DBFF}"
EndProject
Project("{8BC9CEB8-8B4A-11D0-8D11-00A0C91BC942}") = "MatchTemplate", "MatchTemplate\MatchTemplate.vcxproj", "{7A4C3DB0-2D8E-40A7-884F-29BCCBC541FB}"
EndProject
Project("{8BC9CEB8-8B4A-11D0-8D11-00A0C91BC942}") = "ChessboardCalibrate", "ChessboardCalibrate\ChessboardCalibrate.vcxproj", "{BFCECD28-7428-4738-99D4-AA6A634FD6DD}"
EndProject
Project("{8BC9CEB8-8B4A-11D0-8D11-00A0C91BC942}") = "Text", "Text\Text.vcxproj", "{E44CE393-C0BC-464F-9FCC-3B744B9854D7}"
EndProject
Project("{8BC9CEB8-8B4A-11D0-8D11-00A0C91BC942}") = "PosturalEstimation", "PosturalEstimation\PosturalEstimation.vcxproj", "{76D1BCE4-FCBC-47DF-9D78-F518A7FEC3E5}"
EndProject
Project("{8BC9CEB8-8B4A-11D0-8D11-00A0C91BC942}") = "ColorIdentification", "ColorIdentification\ColorIdentification.vcxproj", "{5E833DB9-1378-4612-A292-335870F46D6E}"
EndProject
Project("{8BC9CEB8-8B4A-11D0-8D11-00A0C91BC942}") = "BrightnessMeasurement", "BrightnessMeasurement\BrightnessMeasurement.vcxproj", "{7020EC87-187A-4704-A8A7-02D93C70C8F6}"
EndProject
Project("{8BC9CEB8-8B4A-11D0-8D11-00A0C91BC942}") = "BlobDetector", "BlobDetector\BlobDetector.vcxproj", "{4A3B1598-819D-4644-96A6-A4DF9FED99F3}"
EndProject
Project("{8BC9CEB8-8B4A-11D0-8D11-00A0C91BC942}") = "FloodFill", "FloodFill\FloodFill.vcxproj", "{D16D622B-A990-4842-9103-63BD80913211}"
EndProject
Project("{8BC9CEB8-8B4A-11D0-8D11-00A0C91BC942}") = "MeanFilter", "MeanFilter\MeanFilter.vcxproj", "{718D4368-D451-4D13-8957-37B3F97EB1C5}"
EndProject
Global
	GlobalSection(SolutionConfigurationPlatforms) = preSolution
		Debug|x64 = Debug|x64
		Debug|x86 = Debug|x86
		Release|x64 = Release|x64
		Release|x86 = Release|x86
	EndGlobalSection
	GlobalSection(ProjectConfigurationPlatforms) = postSolution
		{965BD0A7-5AA1-4B29-9AD7-23513EBB4B5C}.Debug|x64.ActiveCfg = Debug|x64
		{965BD0A7-5AA1-4B29-9AD7-23513EBB4B5C}.Debug|x64.Build.0 = Debug|x64
		{965BD0A7-5AA1-4B29-9AD7-23513EBB4B5C}.Debug|x86.ActiveCfg = Debug|Win32
		{965BD0A7-5AA1-4B29-9AD7-23513EBB4B5C}.Debug|x86.Build.0 = Debug|Win32
		{965BD0A7-5AA1-4B29-9AD7-23513EBB4B5C}.Release|x64.ActiveCfg = Release|x64
		{965BD0A7-5AA1-4B29-9AD7-23513EBB4B5C}.Release|x64.Build.0 = Release|x64
		{965BD0A7-5AA1-4B29-9AD7-23513EBB4B5C}.Release|x86.ActiveCfg = Release|Win32
		{965BD0A7-5AA1-4B29-9AD7-23513EBB4B5C}.Release|x86.Build.0 = Release|Win32
		{114114B5-E115-4959-91EE-D12F4C408928}.Debug|x64.ActiveCfg = Debug|x64
		{114114B5-E115-4959-91EE-D12F4C408928}.Debug|x64.Build.0 = Debug|x64
		{114114B5-E115-4959-91EE-D12F4C408928}.Debug|x86.ActiveCfg = Debug|Win32
		{114114B5-E115-4959-91EE-D12F4C408928}.Debug|x86.Build.0 = Debug|Win32
		{114114B5-E115-4959-91EE-D12F4C408928}.Release|x64.ActiveCfg = Release|x64
		{114114B5-E115-4959-91EE-D12F4C408928}.Release|x64.Build.0 = Release|x64
		{114114B5-E115-4959-91EE-D12F4C408928}.Release|x86.ActiveCfg = Release|Win32
		{114114B5-E115-4959-91EE-D12F4C408928}.Release|x86.Build.0 = Release|Win32
		{EF0C494E-9526-47BB-AFF1-CEEEE667FB1D}.Debug|x64.ActiveCfg = Debug|x64
		{EF0C494E-9526-47BB-AFF1-CEEEE667FB1D}.Debug|x64.Build.0 = Debug|x64
		{EF0C494E-9526-47BB-AFF1-CEEEE667FB1D}.Debug|x86.ActiveCfg = Debug|Win32
		{EF0C494E-9526-47BB-AFF1-CEEEE667FB1D}.Debug|x86.Build.0 = Debug|Win32
		{EF0C494E-9526-47BB-AFF1-CEEEE667FB1D}.Release|x64.ActiveCfg = Release|x64
		{EF0C494E-9526-47BB-AFF1-CEEEE667FB1D}.Release|x64.Build.0 = Release|x64
		{EF0C494E-9526-47BB-AFF1-CEEEE667FB1D}.Release|x86.ActiveCfg = Release|Win32
		{EF0C494E-9526-47BB-AFF1-CEEEE667FB1D}.Release|x86.Build.0 = Release|Win32
		{776CE7DE-126B-4339-8708-B3CD5959BD32}.Debug|x64.ActiveCfg = Debug|x64
		{776CE7DE-126B-4339-8708-B3CD5959BD32}.Debug|x64.Build.0 = Debug|x64
		{776CE7DE-126B-4339-8708-B3CD5959BD32}.Debug|x86.ActiveCfg = Debug|Win32
		{776CE7DE-126B-4339-8708-B3CD5959BD32}.Debug|x86.Build.0 = Debug|Win32
		{776CE7DE-126B-4339-8708-B3CD5959BD32}.Release|x64.ActiveCfg = Release|x64
		{776CE7DE-126B-4339-8708-B3CD5959BD32}.Release|x64.Build.0 = Release|x64
		{776CE7DE-126B-4339-8708-B3CD5959BD32}.Release|x86.ActiveCfg = Release|Win32
		{776CE7DE-126B-4339-8708-B3CD5959BD32}.Release|x86.Build.0 = Release|Win32
		{8B0BC6C6-37B3-462C-A845-5DF667F00E6A}.Debug|x64.ActiveCfg = Debug|x64
		{8B0BC6C6-37B3-462C-A845-5DF667F00E6A}.Debug|x64.Build.0 = Debug|x64
		{8B0BC6C6-37B3-462C-A845-5DF667F00E6A}.Debug|x86.ActiveCfg = Debug|Win32
		{8B0BC6C6-37B3-462C-A845-5DF667F00E6A}.Debug|x86.Build.0 = Debug|Win32
		{8B0BC6C6-37B3-462C-A845-5DF667F00E6A}.Release|x64.ActiveCfg = Release|x64
		{8B0BC6C6-37B3-462C-A845-5DF667F00E6A}.Release|x64.Build.0 = Release|x64
		{8B0BC6C6-37B3-462C-A845-5DF667F00E6A}.Release|x86.ActiveCfg = Release|Win32
		{8B0BC6C6-37B3-462C-A845-5DF667F00E6A}.Release|x86.Build.0 = Release|Win32
		{5FFEC77A-1EF1-4C03-AAA5-DFCFB366A4C3}.Debug|x64.ActiveCfg = Debug|x64
		{5FFEC77A-1EF1-4C03-AAA5-DFCFB366A4C3}.Debug|x64.Build.0 = Debug|x64
		{5FFEC77A-1EF1-4C03-AAA5-DFCFB366A4C3}.Debug|x86.ActiveCfg = Debug|Win32
		{5FFEC77A-1EF1-4C03-AAA5-DFCFB366A4C3}.Debug|x86.Build.0 = Debug|Win32
		{5FFEC77A-1EF1-4C03-AAA5-DFCFB366A4C3}.Release|x64.ActiveCfg = Release|x64
		{5FFEC77A-1EF1-4C03-AAA5-DFCFB366A4C3}.Release|x64.Build.0 = Release|x64
		{5FFEC77A-1EF1-4C03-AAA5-DFCFB366A4C3}.Release|x86.ActiveCfg = Release|Win32
		{5FFEC77A-1EF1-4C03-AAA5-DFCFB366A4C3}.Release|x86.Build.0 = Release|Win32
		{375B6386-66E1-4109-9C1F-9A8D96CEF35E}.Debug|x64.ActiveCfg = Debug|x64
		{375B6386-66E1-4109-9C1F-9A8D96CEF35E}.Debug|x64.Build.0 = Debug|x64
		{375B6386-66E1-4109-9C1F-9A8D96CEF35E}.Debug|x86.ActiveCfg = Debug|Win32
		{375B6386-66E1-4109-9C1F-9A8D96CEF35E}.Debug|x86.Build.0 = Debug|Win32
		{375B6386-66E1-4109-9C1F-9A8D96CEF35E}.Release|x64.ActiveCfg = Release|x64
		{375B6386-66E1-4109-9C1F-9A8D96CEF35E}.Release|x64.Build.0 = Release|x64
		{375B6386-66E1-4109-9C1F-9A8D96CEF35E}.Release|x86.ActiveCfg = Release|Win32
		{375B6386-66E1-4109-9C1F-9A8D96CEF35E}.Release|x86.Build.0 = Release|Win32
		{228F43D3-7ED9-4236-8BC8-E7A31B69EAC9}.Debug|x64.ActiveCfg = Debug|x64
		{228F43D3-7ED9-4236-8BC8-E7A31B69EAC9}.Debug|x64.Build.0 = Debug|x64
		{228F43D3-7ED9-4236-8BC8-E7A31B69EAC9}.Debug|x86.ActiveCfg = Debug|Win32
		{228F43D3-7ED9-4236-8BC8-E7A31B69EAC9}.Debug|x86.Build.0 = Debug|Win32
		{228F43D3-7ED9-4236-8BC8-E7A31B69EAC9}.Release|x64.ActiveCfg = Release|x64
		{228F43D3-7ED9-4236-8BC8-E7A31B69EAC9}.Release|x64.Build.0 = Release|x64
		{228F43D3-7ED9-4236-8BC8-E7A31B69EAC9}.Release|x86.ActiveCfg = Release|Win32
		{228F43D3-7ED9-4236-8BC8-E7A31B69EAC9}.Release|x86.Build.0 = Release|Win32
		{A3F36374-85A8-4A3A-9D07-4F31FB7E7E6F}.Debug|x64.ActiveCfg = Debug|x64
		{A3F36374-85A8-4A3A-9D07-4F31FB7E7E6F}.Debug|x64.Build.0 = Debug|x64
		{A3F36374-85A8-4A3A-9D07-4F31FB7E7E6F}.Debug|x86.ActiveCfg = Debug|Win32
		{A3F36374-85A8-4A3A-9D07-4F31FB7E7E6F}.Debug|x86.Build.0 = Debug|Win32
		{A3F36374-85A8-4A3A-9D07-4F31FB7E7E6F}.Release|x64.ActiveCfg = Release|x64
		{A3F36374-85A8-4A3A-9D07-4F31FB7E7E6F}.Release|x64.Build.0 = Release|x64
		{A3F36374-85A8-4A3A-9D07-4F31FB7E7E6F}.Release|x86.ActiveCfg = Release|Win32
		{A3F36374-85A8-4A3A-9D07-4F31FB7E7E6F}.Release|x86.Build.0 = Release|Win32
		{93539CE1-BCA6-46CF-A7AE-377F4EE94115}.Debug|x64.ActiveCfg = Debug|x64
		{93539CE1-BCA6-46CF-A7AE-377F4EE94115}.Debug|x64.Build.0 = Debug|x64
		{93539CE1-BCA6-46CF-A7AE-377F4EE94115}.Debug|x86.ActiveCfg = Debug|Win32
		{93539CE1-BCA6-46CF-A7AE-377F4EE94115}.Debug|x86.Build.0 = Debug|Win32
		{93539CE1-BCA6-46CF-A7AE-377F4EE94115}.Release|x64.ActiveCfg = Release|x64
		{93539CE1-BCA6-46CF-A7AE-377F4EE94115}.Release|x64.Build.0 = Release|x64
		{93539CE1-BCA6-46CF-A7AE-377F4EE94115}.Release|x86.ActiveCfg = Release|Win32
		{93539CE1-BCA6-46CF-A7AE-377F4EE94115}.Release|x86.Build.0 = Release|Win32
		{2D4566E8-E586-4E15-B258-24AAC804E175}.Debug|x64.ActiveCfg = Debug|x64
		{2D4566E8-E586-4E15-B258-24AAC804E175}.Debug|x64.Build.0 = Debug|x64
		{2D4566E8-E586-4E15-B258-24AAC804E175}.Debug|x86.ActiveCfg = Debug|Win32
		{2D4566E8-E586-4E15-B258-24AAC804E175}.Debug|x86.Build.0 = Debug|Win32
		{2D4566E8-E586-4E15-B258-24AAC804E175}.Release|x64.ActiveCfg = Release|x64
		{2D4566E8-E586-4E15-B258-24AAC804E175}.Release|x64.Build.0 = Release|x64
		{2D4566E8-E586-4E15-B258-24AAC804E175}.Release|x86.ActiveCfg = Release|Win32
		{2D4566E8-E586-4E15-B258-24AAC804E175}.Release|x86.Build.0 = Release|Win32
		{B7034C9E-DE4F-49F2-8FC5-460F2552A393}.Debug|x64.ActiveCfg = Debug|x64
		{B7034C9E-DE4F-49F2-8FC5-460F2552A393}.Debug|x64.Build.0 = Debug|x64
		{B7034C9E-DE4F-49F2-8FC5-460F2552A393}.Debug|x86.ActiveCfg = Debug|Win32
		{B7034C9E-DE4F-49F2-8FC5-460F2552A393}.Debug|x86.Build.0 = Debug|Win32
		{B7034C9E-DE4F-49F2-8FC5-460F2552A393}.Release|x64.ActiveCfg = Release|x64
		{B7034C9E-DE4F-49F2-8FC5-460F2552A393}.Release|x64.Build.0 = Release|x64
		{B7034C9E-DE4F-49F2-8FC5-460F2552A393}.Release|x86.ActiveCfg = Release|Win32
		{B7034C9E-DE4F-49F2-8FC5-460F2552A393}.Release|x86.Build.0 = Release|Win32
		{45E3FFDF-3E72-4A4B-9B5A-F19F4469A607}.Debug|x64.ActiveCfg = Debug|x64
		{45E3FFDF-3E72-4A4B-9B5A-F19F4469A607}.Debug|x64.Build.0 = Debug|x64
		{45E3FFDF-3E72-4A4B-9B5A-F19F4469A607}.Debug|x86.ActiveCfg = Debug|Win32
		{45E3FFDF-3E72-4A4B-9B5A-F19F4469A607}.Debug|x86.Build.0 = Debug|Win32
		{45E3FFDF-3E72-4A4B-9B5A-F19F4469A607}.Release|x64.ActiveCfg = Release|x64
		{45E3FFDF-3E72-4A4B-9B5A-F19F4469A607}.Release|x64.Build.0 = Release|x64
		{45E3FFDF-3E72-4A4B-9B5A-F19F4469A607}.Release|x86.ActiveCfg = Release|Win32
		{45E3FFDF-3E72-4A4B-9B5A-F19F4469A607}.Release|x86.Build.0 = Release|Win32
		{D27B5182-8C58-45BD-BC7B-41C7C15121D2}.Debug|x64.ActiveCfg = Debug|x64
		{D27B5182-8C58-45BD-BC7B-41C7C15121D2}.Debug|x64.Build.0 = Debug|x64
		{D27B5182-8C58-45BD-BC7B-41C7C15121D2}.Debug|x86.ActiveCfg = Debug|Win32
		{D27B5182-8C58-45BD-BC7B-41C7C15121D2}.Debug|x86.Build.0 = Debug|Win32
		{D27B5182-8C58-45BD-BC7B-41C7C15121D2}.Release|x64.ActiveCfg = Release|x64
		{D27B5182-8C58-45BD-BC7B-41C7C15121D2}.Release|x64.Build.0 = Release|x64
		{D27B5182-8C58-45BD-BC7B-41C7C15121D2}.Release|x86.ActiveCfg = Release|Win32
		{D27B5182-8C58-45BD-BC7B-41C7C15121D2}.Release|x86.Build.0 = Release|Win32
		{4DEC8B4F-D51B-43B9-B589-7F08BD915A20}.Debug|x64.ActiveCfg = Debug|x64
		{4DEC8B4F-D51B-43B9-B589-7F08BD915A20}.Debug|x64.Build.0 = Debug|x64
		{4DEC8B4F-D51B-43B9-B589-7F08BD915A20}.Debug|x86.ActiveCfg = Debug|Win32
		{4DEC8B4F-D51B-43B9-B589-7F08BD915A20}.Debug|x86.Build.0 = Debug|Win32
		{4DEC8B4F-D51B-43B9-B589-7F08BD915A20}.Release|x64.ActiveCfg = Release|x64
		{4DEC8B4F-D51B-43B9-B589-7F08BD915A20}.Release|x64.Build.0 = Release|x64
		{4DEC8B4F-D51B-43B9-B589-7F08BD915A20}.Release|x86.ActiveCfg = Release|Win32
		{4DEC8B4F-D51B-43B9-B589-7F08BD915A20}.Release|x86.Build.0 = Release|Win32
		{C472F0E2-1D83-4AEA-B9F9-710CB8C566A2}.Debug|x64.ActiveCfg = Debug|x64
		{C472F0E2-1D83-4AEA-B9F9-710CB8C566A2}.Debug|x64.Build.0 = Debug|x64
		{C472F0E2-1D83-4AEA-B9F9-710CB8C566A2}.Debug|x86.ActiveCfg = Debug|Win32
		{C472F0E2-1D83-4AEA-B9F9-710CB8C566A2}.Debug|x86.Build.0 = Debug|Win32
		{C472F0E2-1D83-4AEA-B9F9-710CB8C566A2}.Release|x64.ActiveCfg = Release|x64
		{C472F0E2-1D83-4AEA-B9F9-710CB8C566A2}.Release|x64.Build.0 = Release|x64
		{C472F0E2-1D83-4AEA-B9F9-710CB8C566A2}.Release|x86.ActiveCfg = Release|Win32
		{C472F0E2-1D83-4AEA-B9F9-710CB8C566A2}.Release|x86.Build.0 = Release|Win32
		{BAC3C7D4-4D2D-47B1-9B7D-5616016C26B4}.Debug|x64.ActiveCfg = Debug|x64
		{BAC3C7D4-4D2D-47B1-9B7D-5616016C26B4}.Debug|x64.Build.0 = Debug|x64
		{BAC3C7D4-4D2D-47B1-9B7D-5616016C26B4}.Debug|x86.ActiveCfg = Debug|Win32
		{BAC3C7D4-4D2D-47B1-9B7D-5616016C26B4}.Debug|x86.Build.0 = Debug|Win32
		{BAC3C7D4-4D2D-47B1-9B7D-5616016C26B4}.Release|x64.ActiveCfg = Release|x64
		{BAC3C7D4-4D2D-47B1-9B7D-5616016C26B4}.Release|x64.Build.0 = Release|x64
		{BAC3C7D4-4D2D-47B1-9B7D-5616016C26B4}.Release|x86.ActiveCfg = Release|Win32
		{BAC3C7D4-4D2D-47B1-9B7D-5616016C26B4}.Release|x86.Build.0 = Release|Win32
		{BFD7F31A-13AA-4830-814B-7516162D8AE6}.Debug|x64.ActiveCfg = Debug|x64
		{BFD7F31A-13AA-4830-814B-7516162D8AE6}.Debug|x64.Build.0 = Debug|x64
		{BFD7F31A-13AA-4830-814B-7516162D8AE6}.Debug|x86.ActiveCfg = Debug|Win32
		{BFD7F31A-13AA-4830-814B-7516162D8AE6}.Debug|x86.Build.0 = Debug|Win32
		{BFD7F31A-13AA-4830-814B-7516162D8AE6}.Release|x64.ActiveCfg = Release|x64
		{BFD7F31A-13AA-4830-814B-7516162D8AE6}.Release|x64.Build.0 = Release|x64
		{BFD7F31A-13AA-4830-814B-7516162D8AE6}.Release|x86.ActiveCfg = Release|Win32
		{BFD7F31A-13AA-4830-814B-7516162D8AE6}.Release|x86.Build.0 = Release|Win32
		{449DE168-901E-48F4-8D5B-D19233DBF155}.Debug|x64.ActiveCfg = Debug|x64
		{449DE168-901E-48F4-8D5B-D19233DBF155}.Debug|x64.Build.0 = Debug|x64
		{449DE168-901E-48F4-8D5B-D19233DBF155}.Debug|x86.ActiveCfg = Debug|Win32
		{449DE168-901E-48F4-8D5B-D19233DBF155}.Debug|x86.Build.0 = Debug|Win32
		{449DE168-901E-48F4-8D5B-D19233DBF155}.Release|x64.ActiveCfg = Release|x64
		{449DE168-901E-48F4-8D5B-D19233DBF155}.Release|x64.Build.0 = Release|x64
		{449DE168-901E-48F4-8D5B-D19233DBF155}.Release|x86.ActiveCfg = Release|Win32
		{449DE168-901E-48F4-8D5B-D19233DBF155}.Release|x86.Build.0 = Release|Win32
		{1E4700E4-C9B9-4EE2-93AB-3D73DC21B404}.Debug|x64.ActiveCfg = Debug|x64
		{1E4700E4-C9B9-4EE2-93AB-3D73DC21B404}.Debug|x64.Build.0 = Debug|x64
		{1E4700E4-C9B9-4EE2-93AB-3D73DC21B404}.Debug|x86.ActiveCfg = Debug|Win32
		{1E4700E4-C9B9-4EE2-93AB-3D73DC21B404}.Debug|x86.Build.0 = Debug|Win32
		{1E4700E4-C9B9-4EE2-93AB-3D73DC21B404}.Release|x64.ActiveCfg = Release|x64
		{1E4700E4-C9B9-4EE2-93AB-3D73DC21B404}.Release|x64.Build.0 = Release|x64
		{1E4700E4-C9B9-4EE2-93AB-3D73DC21B404}.Release|x86.ActiveCfg = Release|Win32
		{1E4700E4-C9B9-4EE2-93AB-3D73DC21B404}.Release|x86.Build.0 = Release|Win32
		{C0ABEC2E-3C92-4F48-8244-A383AAE64A2F}.Debug|x64.ActiveCfg = Debug|x64
		{C0ABEC2E-3C92-4F48-8244-A383AAE64A2F}.Debug|x64.Build.0 = Debug|x64
		{C0ABEC2E-3C92-4F48-8244-A383AAE64A2F}.Debug|x86.ActiveCfg = Debug|Win32
		{C0ABEC2E-3C92-4F48-8244-A383AAE64A2F}.Debug|x86.Build.0 = Debug|Win32
		{C0ABEC2E-3C92-4F48-8244-A383AAE64A2F}.Release|x64.ActiveCfg = Release|x64
		{C0ABEC2E-3C92-4F48-8244-A383AAE64A2F}.Release|x64.Build.0 = Release|x64
		{C0ABEC2E-3C92-4F48-8244-A383AAE64A2F}.Release|x86.ActiveCfg = Release|Win32
		{C0ABEC2E-3C92-4F48-8244-A383AAE64A2F}.Release|x86.Build.0 = Release|Win32
		{04C5536D-2CCD-4EF5-A029-7AF659EEDC2D}.Debug|x64.ActiveCfg = Debug|x64
		{04C5536D-2CCD-4EF5-A029-7AF659EEDC2D}.Debug|x64.Build.0 = Debug|x64
		{04C5536D-2CCD-4EF5-A029-7AF659EEDC2D}.Debug|x86.ActiveCfg = Debug|Win32
		{04C5536D-2CCD-4EF5-A029-7AF659EEDC2D}.Debug|x86.Build.0 = Debug|Win32
		{04C5536D-2CCD-4EF5-A029-7AF659EEDC2D}.Release|x64.ActiveCfg = Release|x64
		{04C5536D-2CCD-4EF5-A029-7AF659EEDC2D}.Release|x64.Build.0 = Release|x64
		{04C5536D-2CCD-4EF5-A029-7AF659EEDC2D}.Release|x86.ActiveCfg = Release|Win32
		{04C5536D-2CCD-4EF5-A029-7AF659EEDC2D}.Release|x86.Build.0 = Release|Win32
		{BC2C24C9-365D-4674-B2D1-024EE7441FEE}.Debug|x64.ActiveCfg = Debug|x64
		{BC2C24C9-365D-4674-B2D1-024EE7441FEE}.Debug|x64.Build.0 = Debug|x64
		{BC2C24C9-365D-4674-B2D1-024EE7441FEE}.Debug|x86.ActiveCfg = Debug|Win32
		{BC2C24C9-365D-4674-B2D1-024EE7441FEE}.Debug|x86.Build.0 = Debug|Win32
		{BC2C24C9-365D-4674-B2D1-024EE7441FEE}.Release|x64.ActiveCfg = Release|x64
		{BC2C24C9-365D-4674-B2D1-024EE7441FEE}.Release|x64.Build.0 = Release|x64
		{BC2C24C9-365D-4674-B2D1-024EE7441FEE}.Release|x86.ActiveCfg = Release|Win32
		{BC2C24C9-365D-4674-B2D1-024EE7441FEE}.Release|x86.Build.0 = Release|Win32
		{0B510312-BB42-46A1-98ED-E2EF7B7276BF}.Debug|x64.ActiveCfg = Debug|x64
		{0B510312-BB42-46A1-98ED-E2EF7B7276BF}.Debug|x64.Build.0 = Debug|x64
		{0B510312-BB42-46A1-98ED-E2EF7B7276BF}.Debug|x86.ActiveCfg = Debug|Win32
		{0B510312-BB42-46A1-98ED-E2EF7B7276BF}.Debug|x86.Build.0 = Debug|Win32
		{0B510312-BB42-46A1-98ED-E2EF7B7276BF}.Release|x64.ActiveCfg = Release|x64
		{0B510312-BB42-46A1-98ED-E2EF7B7276BF}.Release|x64.Build.0 = Release|x64
		{0B510312-BB42-46A1-98ED-E2EF7B7276BF}.Release|x86.ActiveCfg = Release|Win32
		{0B510312-BB42-46A1-98ED-E2EF7B7276BF}.Release|x86.Build.0 = Release|Win32
		{E7A61695-88D8-4F4D-B01B-8D15D5A303AE}.Debug|x64.ActiveCfg = Debug|x64
		{E7A61695-88D8-4F4D-B01B-8D15D5A303AE}.Debug|x64.Build.0 = Debug|x64
		{E7A61695-88D8-4F4D-B01B-8D15D5A303AE}.Debug|x86.ActiveCfg = Debug|Win32
		{E7A61695-88D8-4F4D-B01B-8D15D5A303AE}.Debug|x86.Build.0 = Debug|Win32
		{E7A61695-88D8-4F4D-B01B-8D15D5A303AE}.Release|x64.ActiveCfg = Release|x64
		{E7A61695-88D8-4F4D-B01B-8D15D5A303AE}.Release|x64.Build.0 = Release|x64
		{E7A61695-88D8-4F4D-B01B-8D15D5A303AE}.Release|x86.ActiveCfg = Release|Win32
		{E7A61695-88D8-4F4D-B01B-8D15D5A303AE}.Release|x86.Build.0 = Release|Win32
		{2E828D75-1D3F-4403-9719-EEDA228918FD}.Debug|x64.ActiveCfg = Debug|x64
		{2E828D75-1D3F-4403-9719-EEDA228918FD}.Debug|x64.Build.0 = Debug|x64
		{2E828D75-1D3F-4403-9719-EEDA228918FD}.Debug|x86.ActiveCfg = Debug|Win32
		{2E828D75-1D3F-4403-9719-EEDA228918FD}.Debug|x86.Build.0 = Debug|Win32
		{2E828D75-1D3F-4403-9719-EEDA228918FD}.Release|x64.ActiveCfg = Release|x64
		{2E828D75-1D3F-4403-9719-EEDA228918FD}.Release|x64.Build.0 = Release|x64
		{2E828D75-1D3F-4403-9719-EEDA228918FD}.Release|x86.ActiveCfg = Release|Win32
		{2E828D75-1D3F-4403-9719-EEDA228918FD}.Release|x86.Build.0 = Release|Win32
		{8FE4DC83-4E4A-4CD2-A599-3CB76260283E}.Debug|x64.ActiveCfg = Debug|x64
		{8FE4DC83-4E4A-4CD2-A599-3CB76260283E}.Debug|x64.Build.0 = Debug|x64
		{8FE4DC83-4E4A-4CD2-A599-3CB76260283E}.Debug|x86.ActiveCfg = Debug|Win32
		{8FE4DC83-4E4A-4CD2-A599-3CB76260283E}.Debug|x86.Build.0 = Debug|Win32
		{8FE4DC83-4E4A-4CD2-A599-3CB76260283E}.Release|x64.ActiveCfg = Release|x64
		{8FE4DC83-4E4A-4CD2-A599-3CB76260283E}.Release|x64.Build.0 = Release|x64
		{8FE4DC83-4E4A-4CD2-A599-3CB76260283E}.Release|x86.ActiveCfg = Release|Win32
		{8FE4DC83-4E4A-4CD2-A599-3CB76260283E}.Release|x86.Build.0 = Release|Win32
		{4C54E07B-B236-49EC-8866-29706979602A}.Debug|x64.ActiveCfg = Debug|x64
		{4C54E07B-B236-49EC-8866-29706979602A}.Debug|x64.Build.0 = Debug|x64
		{4C54E07B-B236-49EC-8866-29706979602A}.Debug|x86.ActiveCfg = Debug|Win32
		{4C54E07B-B236-49EC-8866-29706979602A}.Debug|x86.Build.0 = Debug|Win32
		{4C54E07B-B236-49EC-8866-29706979602A}.Release|x64.ActiveCfg = Release|x64
		{4C54E07B-B236-49EC-8866-29706979602A}.Release|x64.Build.0 = Release|x64
		{4C54E07B-B236-49EC-8866-29706979602A}.Release|x86.ActiveCfg = Release|Win32
		{4C54E07B-B236-49EC-8866-29706979602A}.Release|x86.Build.0 = Release|Win32
		{DD818C6E-3EC1-4507-BB25-59C7449BEEC0}.Debug|x64.ActiveCfg = Debug|x64
		{DD818C6E-3EC1-4507-BB25-59C7449BEEC0}.Debug|x64.Build.0 = Debug|x64
		{DD818C6E-3EC1-4507-BB25-59C7449BEEC0}.Debug|x86.ActiveCfg = Debug|Win32
		{DD818C6E-3EC1-4507-BB25-59C7449BEEC0}.Debug|x86.Build.0 = Debug|Win32
		{DD818C6E-3EC1-4507-BB25-59C7449BEEC0}.Release|x64.ActiveCfg = Release|x64
		{DD818C6E-3EC1-4507-BB25-59C7449BEEC0}.Release|x64.Build.0 = Release|x64
		{DD818C6E-3EC1-4507-BB25-59C7449BEEC0}.Release|x86.ActiveCfg = Release|Win32
		{DD818C6E-3EC1-4507-BB25-59C7449BEEC0}.Release|x86.Build.0 = Release|Win32
		{CA1BC745-BF94-472C-ADDD-539CCD9BBFC6}.Debug|x64.ActiveCfg = Debug|x64
		{CA1BC745-BF94-472C-ADDD-539CCD9BBFC6}.Debug|x64.Build.0 = Debug|x64
		{CA1BC745-BF94-472C-ADDD-539CCD9BBFC6}.Debug|x86.ActiveCfg = Debug|Win32
		{CA1BC745-BF94-472C-ADDD-539CCD9BBFC6}.Debug|x86.Build.0 = Debug|Win32
		{CA1BC745-BF94-472C-ADDD-539CCD9BBFC6}.Release|x64.ActiveCfg = Release|x64
		{CA1BC745-BF94-472C-ADDD-539CCD9BBFC6}.Release|x64.Build.0 = Release|x64
		{CA1BC745-BF94-472C-ADDD-539CCD9BBFC6}.Release|x86.ActiveCfg = Release|Win32
		{CA1BC745-BF94-472C-ADDD-539CCD9BBFC6}.Release|x86.Build.0 = Release|Win32
		{E908F52A-5A3C-40EA-ADB8-21B3CEB8AFAE}.Debug|x64.ActiveCfg = Debug|x64
		{E908F52A-5A3C-40EA-ADB8-21B3CEB8AFAE}.Debug|x64.Build.0 = Debug|x64
		{E908F52A-5A3C-40EA-ADB8-21B3CEB8AFAE}.Debug|x86.ActiveCfg = Debug|Win32
		{E908F52A-5A3C-40EA-ADB8-21B3CEB8AFAE}.Debug|x86.Build.0 = Debug|Win32
		{E908F52A-5A3C-40EA-ADB8-21B3CEB8AFAE}.Release|x64.ActiveCfg = Release|x64
		{E908F52A-5A3C-40EA-ADB8-21B3CEB8AFAE}.Release|x64.Build.0 = Release|x64
		{E908F52A-5A3C-40EA-ADB8-21B3CEB8AFAE}.Release|x86.ActiveCfg = Release|Win32
		{E908F52A-5A3C-40EA-ADB8-21B3CEB8AFAE}.Release|x86.Build.0 = Release|Win32
		{71B5F219-2B4B-49BD-BFC8-FC7D3304AE5D}.Debug|x64.ActiveCfg = Debug|x64
		{71B5F219-2B4B-49BD-BFC8-FC7D3304AE5D}.Debug|x64.Build.0 = Debug|x64
		{71B5F219-2B4B-49BD-BFC8-FC7D3304AE5D}.Debug|x86.ActiveCfg = Debug|Win32
		{71B5F219-2B4B-49BD-BFC8-FC7D3304AE5D}.Debug|x86.Build.0 = Debug|Win32
		{71B5F219-2B4B-49BD-BFC8-FC7D3304AE5D}.Release|x64.ActiveCfg = Release|x64
		{71B5F219-2B4B-49BD-BFC8-FC7D3304AE5D}.Release|x64.Build.0 = Release|x64
		{71B5F219-2B4B-49BD-BFC8-FC7D3304AE5D}.Release|x86.ActiveCfg = Release|Win32
		{71B5F219-2B4B-49BD-BFC8-FC7D3304AE5D}.Release|x86.Build.0 = Release|Win32
		{784B91F4-5E2C-4087-B5FD-4169E58C1C17}.Debug|x64.ActiveCfg = Debug|x64
		{784B91F4-5E2C-4087-B5FD-4169E58C1C17}.Debug|x64.Build.0 = Debug|x64
		{784B91F4-5E2C-4087-B5FD-4169E58C1C17}.Debug|x86.ActiveCfg = Debug|Win32
		{784B91F4-5E2C-4087-B5FD-4169E58C1C17}.Debug|x86.Build.0 = Debug|Win32
		{784B91F4-5E2C-4087-B5FD-4169E58C1C17}.Release|x64.ActiveCfg = Release|x64
		{784B91F4-5E2C-4087-B5FD-4169E58C1C17}.Release|x64.Build.0 = Release|x64
		{784B91F4-5E2C-4087-B5FD-4169E58C1C17}.Release|x86.ActiveCfg = Release|Win32
		{784B91F4-5E2C-4087-B5FD-4169E58C1C17}.Release|x86.Build.0 = Release|Win32
		{A2C0FEE7-82C7-4084-854F-6B4A5BA58DDF}.Debug|x64.ActiveCfg = Debug|x64
		{A2C0FEE7-82C7-4084-854F-6B4A5BA58DDF}.Debug|x64.Build.0 = Debug|x64
		{A2C0FEE7-82C7-4084-854F-6B4A5BA58DDF}.Debug|x86.ActiveCfg = Debug|Win32
		{A2C0FEE7-82C7-4084-854F-6B4A5BA58DDF}.Debug|x86.Build.0 = Debug|Win32
		{A2C0FEE7-82C7-4084-854F-6B4A5BA58DDF}.Release|x64.ActiveCfg = Release|x64
		{A2C0FEE7-82C7-4084-854F-6B4A5BA58DDF}.Release|x64.Build.0 = Release|x64
		{A2C0FEE7-82C7-4084-854F-6B4A5BA58DDF}.Release|x86.ActiveCfg = Release|Win32
		{A2C0FEE7-82C7-4084-854F-6B4A5BA58DDF}.Release|x86.Build.0 = Release|Win32
		{3B084CFB-F5DD-442C-A004-362FE98DD120}.Debug|x64.ActiveCfg = Debug|x64
		{3B084CFB-F5DD-442C-A004-362FE98DD120}.Debug|x64.Build.0 = Debug|x64
		{3B084CFB-F5DD-442C-A004-362FE98DD120}.Debug|x86.ActiveCfg = Debug|Win32
		{3B084CFB-F5DD-442C-A004-362FE98DD120}.Debug|x86.Build.0 = Debug|Win32
		{3B084CFB-F5DD-442C-A004-362FE98DD120}.Release|x64.ActiveCfg = Release|x64
		{3B084CFB-F5DD-442C-A004-362FE98DD120}.Release|x64.Build.0 = Release|x64
		{3B084CFB-F5DD-442C-A004-362FE98DD120}.Release|x86.ActiveCfg = Release|Win32
		{3B084CFB-F5DD-442C-A004-362FE98DD120}.Release|x86.Build.0 = Release|Win32
		{76864583-EF74-47D2-B1C8-DA5453D5B851}.Debug|x64.ActiveCfg = Debug|x64
		{76864583-EF74-47D2-B1C8-DA5453D5B851}.Debug|x64.Build.0 = Debug|x64
		{76864583-EF74-47D2-B1C8-DA5453D5B851}.Debug|x86.ActiveCfg = Debug|Win32
		{76864583-EF74-47D2-B1C8-DA5453D5B851}.Debug|x86.Build.0 = Debug|Win32
		{76864583-EF74-47D2-B1C8-DA5453D5B851}.Release|x64.ActiveCfg = Release|x64
		{76864583-EF74-47D2-B1C8-DA5453D5B851}.Release|x64.Build.0 = Release|x64
		{76864583-EF74-47D2-B1C8-DA5453D5B851}.Release|x86.ActiveCfg = Release|Win32
		{76864583-EF74-47D2-B1C8-DA5453D5B851}.Release|x86.Build.0 = Release|Win32
		{F85DC1C1-90E4-4DD0-A42F-32F07E11F691}.Debug|x64.ActiveCfg = Debug|x64
		{F85DC1C1-90E4-4DD0-A42F-32F07E11F691}.Debug|x64.Build.0 = Debug|x64
		{F85DC1C1-90E4-4DD0-A42F-32F07E11F691}.Debug|x86.ActiveCfg = Debug|Win32
		{F85DC1C1-90E4-4DD0-A42F-32F07E11F691}.Debug|x86.Build.0 = Debug|Win32
		{F85DC1C1-90E4-4DD0-A42F-32F07E11F691}.Release|x64.ActiveCfg = Release|x64
		{F85DC1C1-90E4-4DD0-A42F-32F07E11F691}.Release|x64.Build.0 = Release|x64
		{F85DC1C1-90E4-4DD0-A42F-32F07E11F691}.Release|x86.ActiveCfg = Release|Win32
		{F85DC1C1-90E4-4DD0-A42F-32F07E11F691}.Release|x86.Build.0 = Release|Win32
		{9DD1999A-E76F-42F9-9686-6B2C4843C25A}.Debug|x64.ActiveCfg = Debug|x64
		{9DD1999A-E76F-42F9-9686-6B2C4843C25A}.Debug|x64.Build.0 = Debug|x64
		{9DD1999A-E76F-42F9-9686-6B2C4843C25A}.Debug|x86.ActiveCfg = Debug|Win32
		{9DD1999A-E76F-42F9-9686-6B2C4843C25A}.Debug|x86.Build.0 = Debug|Win32
		{9DD1999A-E76F-42F9-9686-6B2C4843C25A}.Release|x64.ActiveCfg = Release|x64
		{9DD1999A-E76F-42F9-9686-6B2C4843C25A}.Release|x64.Build.0 = Release|x64
		{9DD1999A-E76F-42F9-9686-6B2C4843C25A}.Release|x86.ActiveCfg = Release|Win32
		{9DD1999A-E76F-42F9-9686-6B2C4843C25A}.Release|x86.Build.0 = Release|Win32
		{4A7B9BC5-D609-4E3D-A581-5273EA1ED405}.Debug|x64.ActiveCfg = Debug|x64
		{4A7B9BC5-D609-4E3D-A581-5273EA1ED405}.Debug|x64.Build.0 = Debug|x64
		{4A7B9BC5-D609-4E3D-A581-5273EA1ED405}.Debug|x86.ActiveCfg = Debug|Win32
		{4A7B9BC5-D609-4E3D-A581-5273EA1ED405}.Debug|x86.Build.0 = Debug|Win32
		{4A7B9BC5-D609-4E3D-A581-5273EA1ED405}.Release|x64.ActiveCfg = Release|x64
		{4A7B9BC5-D609-4E3D-A581-5273EA1ED405}.Release|x64.Build.0 = Release|x64
		{4A7B9BC5-D609-4E3D-A581-5273EA1ED405}.Release|x86.ActiveCfg = Release|Win32
		{4A7B9BC5-D609-4E3D-A581-5273EA1ED405}.Release|x86.Build.0 = Release|Win32
		{953BF8AF-8F49-408C-A3F9-24887A13AD73}.Debug|x64.ActiveCfg = Debug|x64
		{953BF8AF-8F49-408C-A3F9-24887A13AD73}.Debug|x64.Build.0 = Debug|x64
		{953BF8AF-8F49-408C-A3F9-24887A13AD73}.Debug|x86.ActiveCfg = Debug|Win32
		{953BF8AF-8F49-408C-A3F9-24887A13AD73}.Debug|x86.Build.0 = Debug|Win32
		{953BF8AF-8F49-408C-A3F9-24887A13AD73}.Release|x64.ActiveCfg = Release|x64
		{953BF8AF-8F49-408C-A3F9-24887A13AD73}.Release|x64.Build.0 = Release|x64
		{953BF8AF-8F49-408C-A3F9-24887A13AD73}.Release|x86.ActiveCfg = Release|Win32
		{953BF8AF-8F49-408C-A3F9-24887A13AD73}.Release|x86.Build.0 = Release|Win32
		{AD34D648-4C68-4BFE-B5DC-CDDB03F5FF62}.Debug|x64.ActiveCfg = Debug|x64
		{AD34D648-4C68-4BFE-B5DC-CDDB03F5FF62}.Debug|x64.Build.0 = Debug|x64
		{AD34D648-4C68-4BFE-B5DC-CDDB03F5FF62}.Debug|x86.ActiveCfg = Debug|Win32
		{AD34D648-4C68-4BFE-B5DC-CDDB03F5FF62}.Debug|x86.Build.0 = Debug|Win32
		{AD34D648-4C68-4BFE-B5DC-CDDB03F5FF62}.Release|x64.ActiveCfg = Release|x64
		{AD34D648-4C68-4BFE-B5DC-CDDB03F5FF62}.Release|x64.Build.0 = Release|x64
		{AD34D648-4C68-4BFE-B5DC-CDDB03F5FF62}.Release|x86.ActiveCfg = Release|Win32
		{AD34D648-4C68-4BFE-B5DC-CDDB03F5FF62}.Release|x86.Build.0 = Release|Win32
		{1BE3A80E-70E0-4079-A653-FDF95FC97542}.Debug|x64.ActiveCfg = Debug|x64
		{1BE3A80E-70E0-4079-A653-FDF95FC97542}.Debug|x64.Build.0 = Debug|x64
		{1BE3A80E-70E0-4079-A653-FDF95FC97542}.Debug|x86.ActiveCfg = Debug|Win32
		{1BE3A80E-70E0-4079-A653-FDF95FC97542}.Debug|x86.Build.0 = Debug|Win32
		{1BE3A80E-70E0-4079-A653-FDF95FC97542}.Release|x64.ActiveCfg = Release|x64
		{1BE3A80E-70E0-4079-A653-FDF95FC97542}.Release|x64.Build.0 = Release|x64
		{1BE3A80E-70E0-4079-A653-FDF95FC97542}.Release|x86.ActiveCfg = Release|Win32
		{1BE3A80E-70E0-4079-A653-FDF95FC97542}.Release|x86.Build.0 = Release|Win32
		{F4843D60-0C12-410F-9AA8-BF450EFFC81F}.Debug|x64.ActiveCfg = Debug|x64
		{F4843D60-0C12-410F-9AA8-BF450EFFC81F}.Debug|x64.Build.0 = Debug|x64
		{F4843D60-0C12-410F-9AA8-BF450EFFC81F}.Debug|x86.ActiveCfg = Debug|Win32
		{F4843D60-0C12-410F-9AA8-BF450EFFC81F}.Debug|x86.Build.0 = Debug|Win32
		{F4843D60-0C12-410F-9AA8-BF450EFFC81F}.Release|x64.ActiveCfg = Release|x64
		{F4843D60-0C12-410F-9AA8-BF450EFFC81F}.Release|x64.Build.0 = Release|x64
		{F4843D60-0C12-410F-9AA8-BF450EFFC81F}.Release|x86.ActiveCfg = Release|Win32
		{F4843D60-0C12-410F-9AA8-BF450EFFC81F}.Release|x86.Build.0 = Release|Win32
		{78DA3319-03F0-4CDA-85B8-D94BD3F78D11}.Debug|x64.ActiveCfg = Debug|x64
		{78DA3319-03F0-4CDA-85B8-D94BD3F78D11}.Debug|x64.Build.0 = Debug|x64
		{78DA3319-03F0-4CDA-85B8-D94BD3F78D11}.Debug|x86.ActiveCfg = Debug|Win32
		{78DA3319-03F0-4CDA-85B8-D94BD3F78D11}.Debug|x86.Build.0 = Debug|Win32
		{78DA3319-03F0-4CDA-85B8-D94BD3F78D11}.Release|x64.ActiveCfg = Release|x64
		{78DA3319-03F0-4CDA-85B8-D94BD3F78D11}.Release|x64.Build.0 = Release|x64
		{78DA3319-03F0-4CDA-85B8-D94BD3F78D11}.Release|x86.ActiveCfg = Release|Win32
		{78DA3319-03F0-4CDA-85B8-D94BD3F78D11}.Release|x86.Build.0 = Release|Win32
		{C8A9C054-6ADD-4AEA-BBA5-ED02AD312207}.Debug|x64.ActiveCfg = Debug|x64
		{C8A9C054-6ADD-4AEA-BBA5-ED02AD312207}.Debug|x64.Build.0 = Debug|x64
		{C8A9C054-6ADD-4AEA-BBA5-ED02AD312207}.Debug|x86.ActiveCfg = Debug|Win32
		{C8A9C054-6ADD-4AEA-BBA5-ED02AD312207}.Debug|x86.Build.0 = Debug|Win32
		{C8A9C054-6ADD-4AEA-BBA5-ED02AD312207}.Release|x64.ActiveCfg = Release|x64
		{C8A9C054-6ADD-4AEA-BBA5-ED02AD312207}.Release|x64.Build.0 = Release|x64
		{C8A9C054-6ADD-4AEA-BBA5-ED02AD312207}.Release|x86.ActiveCfg = Release|Win32
		{C8A9C054-6ADD-4AEA-BBA5-ED02AD312207}.Release|x86.Build.0 = Release|Win32
		{F6083D0F-307F-45DA-80BA-F7F15E2E2C14}.Debug|x64.ActiveCfg = Debug|x64
		{F6083D0F-307F-45DA-80BA-F7F15E2E2C14}.Debug|x64.Build.0 = Debug|x64
		{F6083D0F-307F-45DA-80BA-F7F15E2E2C14}.Debug|x86.ActiveCfg = Debug|Win32
		{F6083D0F-307F-45DA-80BA-F7F15E2E2C14}.Debug|x86.Build.0 = Debug|Win32
		{F6083D0F-307F-45DA-80BA-F7F15E2E2C14}.Release|x64.ActiveCfg = Release|x64
		{F6083D0F-307F-45DA-80BA-F7F15E2E2C14}.Release|x64.Build.0 = Release|x64
		{F6083D0F-307F-45DA-80BA-F7F15E2E2C14}.Release|x86.ActiveCfg = Release|Win32
		{F6083D0F-307F-45DA-80BA-F7F15E2E2C14}.Release|x86.Build.0 = Release|Win32
		{8F398174-5BC7-46D6-AF97-C26E6E94F979}.Debug|x64.ActiveCfg = Debug|x64
		{8F398174-5BC7-46D6-AF97-C26E6E94F979}.Debug|x64.Build.0 = Debug|x64
		{8F398174-5BC7-46D6-AF97-C26E6E94F979}.Debug|x86.ActiveCfg = Debug|Win32
		{8F398174-5BC7-46D6-AF97-C26E6E94F979}.Debug|x86.Build.0 = Debug|Win32
		{8F398174-5BC7-46D6-AF97-C26E6E94F979}.Release|x64.ActiveCfg = Release|x64
		{8F398174-5BC7-46D6-AF97-C26E6E94F979}.Release|x64.Build.0 = Release|x64
		{8F398174-5BC7-46D6-AF97-C26E6E94F979}.Release|x86.ActiveCfg = Release|Win32
		{8F398174-5BC7-46D6-AF97-C26E6E94F979}.Release|x86.Build.0 = Release|Win32
		{B73BE168-D645-4B6E-ABFC-C18561C4DBFF}.Debug|x64.ActiveCfg = Debug|x64
		{B73BE168-D645-4B6E-ABFC-C18561C4DBFF}.Debug|x64.Build.0 = Debug|x64
		{B73BE168-D645-4B6E-ABFC-C18561C4DBFF}.Debug|x86.ActiveCfg = Debug|Win32
		{B73BE168-D645-4B6E-ABFC-C18561C4DBFF}.Debug|x86.Build.0 = Debug|Win32
		{B73BE168-D645-4B6E-ABFC-C18561C4DBFF}.Release|x64.ActiveCfg = Release|x64
		{B73BE168-D645-4B6E-ABFC-C18561C4DBFF}.Release|x64.Build.0 = Release|x64
		{B73BE168-D645-4B6E-ABFC-C18561C4DBFF}.Release|x86.ActiveCfg = Release|Win32
		{B73BE168-D645-4B6E-ABFC-C18561C4DBFF}.Release|x86.Build.0 = Release|Win32
		{7A4C3DB0-2D8E-40A7-884F-29BCCBC541FB}.Debug|x64.ActiveCfg = Debug|x64
		{7A4C3DB0-2D8E-40A7-884F-29BCCBC541FB}.Debug|x64.Build.0 = Debug|x64
		{7A4C3DB0-2D8E-40A7-884F-29BCCBC541FB}.Debug|x86.ActiveCfg = Debug|Win32
		{7A4C3DB0-2D8E-40A7-884F-29BCCBC541FB}.Debug|x86.Build.0 = Debug|Win32
		{7A4C3DB0-2D8E-40A7-884F-29BCCBC541FB}.Release|x64.ActiveCfg = Release|x64
		{7A4C3DB0-2D8E-40A7-884F-29BCCBC541FB}.Release|x64.Build.0 = Release|x64
		{7A4C3DB0-2D8E-40A7-884F-29BCCBC541FB}.Release|x86.ActiveCfg = Release|Win32
		{7A4C3DB0-2D8E-40A7-884F-29BCCBC541FB}.Release|x86.Build.0 = Release|Win32
		{BFCECD28-7428-4738-99D4-AA6A634FD6DD}.Debug|x64.ActiveCfg = Debug|x64
		{BFCECD28-7428-4738-99D4-AA6A634FD6DD}.Debug|x64.Build.0 = Debug|x64
		{BFCECD28-7428-4738-99D4-AA6A634FD6DD}.Debug|x86.ActiveCfg = Debug|Win32
		{BFCECD28-7428-4738-99D4-AA6A634FD6DD}.Debug|x86.Build.0 = Debug|Win32
		{BFCECD28-7428-4738-99D4-AA6A634FD6DD}.Release|x64.ActiveCfg = Release|x64
		{BFCECD28-7428-4738-99D4-AA6A634FD6DD}.Release|x64.Build.0 = Release|x64
		{BFCECD28-7428-4738-99D4-AA6A634FD6DD}.Release|x86.ActiveCfg = Release|Win32
		{BFCECD28-7428-4738-99D4-AA6A634FD6DD}.Release|x86.Build.0 = Release|Win32
		{E44CE393-C0BC-464F-9FCC-3B744B9854D7}.Debug|x64.ActiveCfg = Debug|x64
		{E44CE393-C0BC-464F-9FCC-3B744B9854D7}.Debug|x64.Build.0 = Debug|x64
		{E44CE393-C0BC-464F-9FCC-3B744B9854D7}.Debug|x86.ActiveCfg = Debug|Win32
		{E44CE393-C0BC-464F-9FCC-3B744B9854D7}.Debug|x86.Build.0 = Debug|Win32
		{E44CE393-C0BC-464F-9FCC-3B744B9854D7}.Release|x64.ActiveCfg = Release|x64
		{E44CE393-C0BC-464F-9FCC-3B744B9854D7}.Release|x64.Build.0 = Release|x64
		{E44CE393-C0BC-464F-9FCC-3B744B9854D7}.Release|x86.ActiveCfg = Release|Win32
		{E44CE393-C0BC-464F-9FCC-3B744B9854D7}.Release|x86.Build.0 = Release|Win32
		{76D1BCE4-FCBC-47DF-9D78-F518A7FEC3E5}.Debug|x64.ActiveCfg = Debug|x64
		{76D1BCE4-FCBC-47DF-9D78-F518A7FEC3E5}.Debug|x64.Build.0 = Debug|x64
		{76D1BCE4-FCBC-47DF-9D78-F518A7FEC3E5}.Debug|x86.ActiveCfg = Debug|Win32
		{76D1BCE4-FCBC-47DF-9D78-F518A7FEC3E5}.Debug|x86.Build.0 = Debug|Win32
		{76D1BCE4-FCBC-47DF-9D78-F518A7FEC3E5}.Release|x64.ActiveCfg = Release|x64
		{76D1BCE4-FCBC-47DF-9D78-F518A7FEC3E5}.Release|x64.Build.0 = Release|x64
		{76D1BCE4-FCBC-47DF-9D78-F518A7FEC3E5}.Release|x86.ActiveCfg = Release|Win32
		{76D1BCE4-FCBC-47DF-9D78-F518A7FEC3E5}.Release|x86.Build.0 = Release|Win32
		{5E833DB9-1378-4612-A292-335870F46D6E}.Debug|x64.ActiveCfg = Debug|x64
		{5E833DB9-1378-4612-A292-335870F46D6E}.Debug|x64.Build.0 = Debug|x64
		{5E833DB9-1378-4612-A292-335870F46D6E}.Debug|x86.ActiveCfg = Debug|Win32
		{5E833DB9-1378-4612-A292-335870F46D6E}.Debug|x86.Build.0 = Debug|Win32
		{5E833DB9-1378-4612-A292-335870F46D6E}.Release|x64.ActiveCfg = Release|x64
		{5E833DB9-1378-4612-A292-335870F46D6E}.Release|x64.Build.0 = Release|x64
		{5E833DB9-1378-4612-A292-335870F46D6E}.Release|x86.ActiveCfg = Release|Win32
		{5E833DB9-1378-4612-A292-335870F46D6E}.Release|x86.Build.0 = Release|Win32
		{7020EC87-187A-4704-A8A7-02D93C70C8F6}.Debug|x64.ActiveCfg = Debug|x64
		{7020EC87-187A-4704-A8A7-02D93C70C8F6}.Debug|x64.Build.0 = Debug|x64
		{7020EC87-187A-4704-A8A7-02D93C70C8F6}.Debug|x86.ActiveCfg = Debug|Win32
		{7020EC87-187A-4704-A8A7-02D93C70C8F6}.Debug|x86.Build.0 = Debug|Win32
		{7020EC87-187A-4704-A8A7-02D93C70C8F6}.Release|x64.ActiveCfg = Release|x64
		{7020EC87-187A-4704-A8A7-02D93C70C8F6}.Release|x64.Build.0 = Release|x64
		{7020EC87-187A-4704-A8A7-02D93C70C8F6}.Release|x86.ActiveCfg = Release|Win32
		{7020EC87-187A-4704-A8A7-02D93C70C8F6}.Release|x86.Build.0 = Release|Win32
		{4A3B1598-819D-4644-96A6-A4DF9FED99F3}.Debug|x64.ActiveCfg = Debug|x64
		{4A3B1598-819D-4644-96A6-A4DF9FED99F3}.Debug|x64.Build.0 = Debug|x64
		{4A3B1598-819D-4644-96A6-A4DF9FED99F3}.Debug|x86.ActiveCfg = Debug|Win32
		{4A3B1598-819D-4644-96A6-A4DF9FED99F3}.Debug|x86.Build.0 = Debug|Win32
		{4A3B1598-819D-4644-96A6-A4DF9FED99F3}.Release|x64.ActiveCfg = Release|x64
		{4A3B1598-819D-4644-96A6-A4DF9FED99F3}.Release|x64.Build.0 = Release|x64
		{4A3B1598-819D-4644-96A6-A4DF9FED99F3}.Release|x86.ActiveCfg = Release|Win32
		{4A3B1598-819D-4644-96A6-A4DF9FED99F3}.Release|x86.Build.0 = Release|Win32
		{D16D622B-A990-4842-9103-63BD80913211}.Debug|x64.ActiveCfg = Debug|x64
		{D16D622B-A990-4842-9103-63BD80913211}.Debug|x64.Build.0 = Debug|x64
		{D16D622B-A990-4842-9103-63BD80913211}.Debug|x86.ActiveCfg = Debug|Win32
		{D16D622B-A990-4842-9103-63BD80913211}.Debug|x86.Build.0 = Debug|Win32
		{D16D622B-A990-4842-9103-63BD80913211}.Release|x64.ActiveCfg = Release|x64
		{D16D622B-A990-4842-9103-63BD80913211}.Release|x64.Build.0 = Release|x64
		{D16D622B-A990-4842-9103-63BD80913211}.Release|x86.ActiveCfg = Release|Win32
		{D16D622B-A990-4842-9103-63BD80913211}.Release|x86.Build.0 = Release|Win32
		{718D4368-D451-4D13-8957-37B3F97EB1C5}.Debug|x64.ActiveCfg = Debug|x64
		{718D4368-D451-4D13-8957-37B3F97EB1C5}.Debug|x64.Build.0 = Debug|x64
		{718D4368-D451-4D13-8957-37B3F97EB1C5}.Debug|x86.ActiveCfg = Debug|Win32
		{718D4368-D451-4D13-8957-37B3F97EB1C5}.Debug|x86.Build.0 = Debug|Win32
		{718D4368-D451-4D13-8957-37B3F97EB1C5}.Release|x64.ActiveCfg = Release|x64
		{718D4368-D451-4D13-8957-37B3F97EB1C5}.Release|x64.Build.0 = Release|x64
		{718D4368-D451-4D13-8957-37B3F97EB1C5}.Release|x86.ActiveCfg = Release|Win32
		{718D4368-D451-4D13-8957-37B3F97EB1C5}.Release|x86.Build.0 = Release|Win32
	EndGlobalSection
	GlobalSection(SolutionProperties) = preSolution
		HideSolutionNode = FALSE
	EndGlobalSection
	GlobalSection(ExtensibilityGlobals) = postSolution
		SolutionGuid = {189ED8C3-3E8F-3D8D-831B-3DD0D9230F32}
	EndGlobalSection
EndGlobal
