<?xml version="1.0" encoding="utf-8"?>
<Project ToolsVersion="4.0" xmlns="http://schemas.microsoft.com/developer/msbuild/2003">
  <ItemGroup>
    <Filter Include="Src">
      <UniqueIdentifier>{dac129ab-db4b-43f2-8999-abce9c2ca185}</UniqueIdentifier>
    </Filter>
    <Filter Include="Object Libraries">
      <UniqueIdentifier>{c812d2a7-27e8-4c65-a1c2-6c3cc55ab5cc}</UniqueIdentifier>
    </Filter>
  </ItemGroup>
  <ItemGroup>
    <Object Include="obj\accum.avx.obj">
      <Filter>Object Libraries</Filter>
    </Object>
    <Object Include="obj\corner.avx.obj">
      <Filter>Object Libraries</Filter>
    </Object>
    <Object Include="obj\filter.avx2.obj">
      <Filter>Object Libraries</Filter>
    </Object>
    <Object Include="obj\imgwarp.avx2.obj">
      <Filter>Object Libraries</Filter>
    </Object>
    <Object Include="obj\imgwarp.sse4_1.obj">
      <Filter>Object Libraries</Filter>
    </Object>
    <Object Include="obj\resize.avx2.obj">
      <Filter>Object Libraries</Filter>
    </Object>
    <Object Include="obj\resize.sse4_1.obj">
      <Filter>Object Libraries</Filter>
    </Object>
    <Object Include="obj\undistort.avx2.obj">
      <Filter>Object Libraries</Filter>
    </Object>
  </ItemGroup>
  <ItemGroup>
    <ClCompile Include="src\filter.cpp">
      <Filter>Src</Filter>
    </ClCompile>
    <ClCompile Include="src\sumpixels.cpp">
      <Filter>Src</Filter>
    </ClCompile>
    <ClCompile Include="src\templmatch.cpp">
      <Filter>Src</Filter>
    </ClCompile>
    <ClCompile Include="src\opencl_kernels_imgproc.cpp">
      <Filter>Src</Filter>
    </ClCompile>
    <ClCompile Include="src\sobel.cpp">
      <Filter>Src</Filter>
    </ClCompile>
  </ItemGroup>
  <ItemGroup>
    <ClInclude Include="src\filter.hpp">
      <Filter>Src</Filter>
    </ClInclude>
    <ClInclude Include="src\opencl_kernels_imgproc.hpp">
      <Filter>Src</Filter>
    </ClInclude>
  </ItemGroup>
</Project>