<?xml version="1.0" encoding="utf-8"?>
<Project ToolsVersion="4.0" xmlns="http://schemas.microsoft.com/developer/msbuild/2003">
  <ItemGroup>
    <Filter Include="Src">
      <UniqueIdentifier>{3e082dff-9e51-4d51-b531-5d800a6c1953}</UniqueIdentifier>
    </Filter>
    <Filter Include="Object Libraries">
      <UniqueIdentifier>{08acfa7b-5df3-49c3-be35-8df5281ecc27}</UniqueIdentifier>
    </Filter>
  </ItemGroup>
  <ItemGroup>
    <Object Include="Obj\accum.avx.obj">
      <Filter>Object Libraries</Filter>
    </Object>
    <Object Include="Obj\corner.avx.obj">
      <Filter>Object Libraries</Filter>
    </Object>
    <Object Include="Obj\filter.avx2.obj">
      <Filter>Object Libraries</Filter>
    </Object>
    <Object Include="Obj\imgwarp.avx2.obj">
      <Filter>Object Libraries</Filter>
    </Object>
    <Object Include="Obj\imgwarp.sse4_1.obj">
      <Filter>Object Libraries</Filter>
    </Object>
    <Object Include="Obj\resize.avx2.obj">
      <Filter>Object Libraries</Filter>
    </Object>
    <Object Include="Obj\resize.sse4_1.obj">
      <Filter>Object Libraries</Filter>
    </Object>
    <Object Include="Obj\undistort.avx2.obj">
      <Filter>Object Libraries</Filter>
    </Object>
  </ItemGroup>
  <ItemGroup>
    <ClCompile Include="Src\color.cpp">
      <Filter>Src</Filter>
    </ClCompile>
    <ClCompile Include="Src\color_hsv.cpp">
      <Filter>Src</Filter>
    </ClCompile>
    <ClCompile Include="Src\color_lab.cpp">
      <Filter>Src</Filter>
    </ClCompile>
    <ClCompile Include="Src\color_rgb.cpp">
      <Filter>Src</Filter>
    </ClCompile>
    <ClCompile Include="Src\color_yuv.cpp">
      <Filter>Src</Filter>
    </ClCompile>
    <ClCompile Include="Src\demosaicing.cpp">
      <Filter>Src</Filter>
    </ClCompile>
    <ClCompile Include="Src\floodfill.cpp">
      <Filter>Src</Filter>
    </ClCompile>
    <ClCompile Include="Src\opencl_kernels_imgproc.cpp">
      <Filter>Src</Filter>
    </ClCompile>
    <ClCompile Include="Src\resize.cpp">
      <Filter>Src</Filter>
    </ClCompile>
    <ClCompile Include="Src\tables.cpp">
      <Filter>Src</Filter>
    </ClCompile>
  </ItemGroup>
  <ItemGroup>
    <ClInclude Include="Src\color.hpp">
      <Filter>Src</Filter>
    </ClInclude>
    <ClInclude Include="Src\opencl_kernels_imgproc.hpp">
      <Filter>Src</Filter>
    </ClInclude>
    <ClInclude Include="Src\resize.hpp">
      <Filter>Src</Filter>
    </ClInclude>
  </ItemGroup>
</Project>