<?xml version="1.0" encoding="utf-8"?>
<Project ToolsVersion="4.0" xmlns="http://schemas.microsoft.com/developer/msbuild/2003">
  <ItemGroup>
    <Filter Include="Src">
      <UniqueIdentifier>{06d4d636-f00a-4a38-b665-c013f99b4edb}</UniqueIdentifier>
    </Filter>
    <Filter Include="Object Libraries">
      <UniqueIdentifier>{ac3337cf-8b9f-458b-acfc-45414581a5bf}</UniqueIdentifier>
    </Filter>
  </ItemGroup>
  <ItemGroup>
    <ClCompile Include="src\color.cpp">
      <Filter>Src</Filter>
    </ClCompile>
    <ClCompile Include="src\color_hsv.cpp">
      <Filter>Src</Filter>
    </ClCompile>
    <ClCompile Include="src\color_lab.cpp">
      <Filter>Src</Filter>
    </ClCompile>
    <ClCompile Include="src\color_rgb.cpp">
      <Filter>Src</Filter>
    </ClCompile>
    <ClCompile Include="src\color_yuv.cpp">
      <Filter>Src</Filter>
    </ClCompile>
    <ClCompile Include="src\colormap.cpp">
      <Filter>Src</Filter>
    </ClCompile>
    <ClCompile Include="src\demosaicing.cpp">
      <Filter>Src</Filter>
    </ClCompile>
    <ClCompile Include="src\filter.cpp">
      <Filter>Src</Filter>
    </ClCompile>
    <ClCompile Include="src\resize.cpp">
      <Filter>Src</Filter>
    </ClCompile>
    <ClCompile Include="src\smooth.cpp">
      <Filter>Src</Filter>
    </ClCompile>
    <ClCompile Include="src\sumpixels.cpp">
      <Filter>Src</Filter>
    </ClCompile>
    <ClCompile Include="src\tables.cpp">
      <Filter>Src</Filter>
    </ClCompile>
    <ClCompile Include="src\templmatch.cpp">
      <Filter>Src</Filter>
    </ClCompile>
    <ClCompile Include="src\opencl_kernels_imgproc.cpp">
      <Filter>Src</Filter>
    </ClCompile>
    <ClCompile Include="src\filter.avx2.cpp">
      <Filter>Src</Filter>
    </ClCompile>
    <ClCompile Include="src\resize.sse4_1.cpp">
      <Filter>Src</Filter>
    </ClCompile>
    <ClCompile Include="src\resize.avx2.cpp">
      <Filter>Src</Filter>
    </ClCompile>
  </ItemGroup>
  <ItemGroup>
    <ClInclude Include="src\color.hpp">
      <Filter>Src</Filter>
    </ClInclude>
    <ClInclude Include="src\resize.hpp">
      <Filter>Src</Filter>
    </ClInclude>
    <ClInclude Include="src\opencl_kernels_imgproc.hpp">
      <Filter>Src</Filter>
    </ClInclude>
    <ClInclude Include="myGaussianBlur.h">
      <Filter>Src</Filter>
    </ClInclude>
  </ItemGroup>
</Project>