<?xml version="1.0" encoding="utf-8"?>
<Project ToolsVersion="4.0" xmlns="http://schemas.microsoft.com/developer/msbuild/2003">
  <ItemGroup>
    <Filter Include="Src">
      <UniqueIdentifier>{4FC737F1-C7A5-4376-A066-2A32D752A2FF}</UniqueIdentifier>
      <Extensions>cpp;c;cc;cxx;def;odl;idl;hpj;bat;asm;asmx</Extensions>
    </Filter>
    <Filter Include="Object Libraries">
      <UniqueIdentifier>{6bea8343-b80b-4c55-a5f4-ad5251af2a7d}</UniqueIdentifier>
    </Filter>
    <Filter Include="Include">
      <UniqueIdentifier>{85509e35-e01c-494e-9b86-611443c8e0be}</UniqueIdentifier>
    </Filter>
    <Filter Include="Include\opencv2">
      <UniqueIdentifier>{ce9433b4-bf6c-4a82-8acf-86541486938a}</UniqueIdentifier>
    </Filter>
    <Filter Include="Include\opencv2\imgproc">
      <UniqueIdentifier>{a3c4e641-e0b9-4b35-bb27-3b92976c4e75}</UniqueIdentifier>
    </Filter>
    <Filter Include="Include\opencv2\imgproc\detail">
      <UniqueIdentifier>{d92fa53a-27e0-4f09-a0c9-fe81c8a1dfe4}</UniqueIdentifier>
    </Filter>
    <Filter Include="Include\opencv2\imgproc\hal">
      <UniqueIdentifier>{3c569cbf-000f-41c0-9c81-d9e56772b7c0}</UniqueIdentifier>
    </Filter>
  </ItemGroup>
  <ItemGroup>
    <Object Include="Object Libraries\accum.avx.obj">
      <Filter>Object Libraries</Filter>
    </Object>
    <Object Include="Object Libraries\corner.avx.obj">
      <Filter>Object Libraries</Filter>
    </Object>
    <Object Include="Object Libraries\filter.avx2.obj">
      <Filter>Object Libraries</Filter>
    </Object>
    <Object Include="Object Libraries\imgwarp.avx2.obj">
      <Filter>Object Libraries</Filter>
    </Object>
    <Object Include="Object Libraries\imgwarp.sse4_1.obj">
      <Filter>Object Libraries</Filter>
    </Object>
    <Object Include="Object Libraries\resize.avx2.obj">
      <Filter>Object Libraries</Filter>
    </Object>
    <Object Include="Object Libraries\resize.sse4_1.obj">
      <Filter>Object Libraries</Filter>
    </Object>
    <Object Include="Object Libraries\undistort.avx2.obj">
      <Filter>Object Libraries</Filter>
    </Object>
  </ItemGroup>
  <ItemGroup>
    <ClInclude Include="Src\precomp.hpp">
      <Filter>Src</Filter>
    </ClInclude>
    <ClInclude Include="..\Include\modules\imgproc\include\cvconfig.h">
      <Filter>Include</Filter>
    </ClInclude>
    <ClInclude Include="..\Include\modules\imgproc\include\opencv2\imgproc\imgproc.hpp">
      <Filter>Include\opencv2\imgproc</Filter>
    </ClInclude>
    <ClInclude Include="..\Include\modules\imgproc\include\opencv2\imgproc\imgproc_c.h">
      <Filter>Include\opencv2\imgproc</Filter>
    </ClInclude>
    <ClInclude Include="..\Include\modules\imgproc\include\opencv2\imgproc\types_c.h">
      <Filter>Include\opencv2\imgproc</Filter>
    </ClInclude>
    <ClInclude Include="..\Include\modules\imgproc\include\opencv2\imgproc\detail\distortion_model.hpp">
      <Filter>Include\opencv2\imgproc\detail</Filter>
    </ClInclude>
    <ClInclude Include="..\Include\modules\imgproc\include\opencv2\imgproc\hal\hal.hpp">
      <Filter>Include\opencv2\imgproc\hal</Filter>
    </ClInclude>
    <ClInclude Include="..\Include\modules\imgproc\include\opencv2\imgproc\hal\interface.h">
      <Filter>Include\opencv2\imgproc\hal</Filter>
    </ClInclude>
    <ClInclude Include="..\Include\modules\imgproc\include\opencv2\imgproc.hpp">
      <Filter>Include\opencv2</Filter>
    </ClInclude>
    <ClInclude Include="Src\opencl_kernels_imgproc.hpp">
      <Filter>Src</Filter>
    </ClInclude>
    <ClInclude Include="..\Include\modules\imgproc\include\cv_cpu_config.h">
      <Filter>Include</Filter>
    </ClInclude>
    <ClInclude Include="..\Include\modules\imgproc\include\opencv2\opencv_modules.hpp">
      <Filter>Include\opencv2</Filter>
    </ClInclude>
    <ClInclude Include="..\Include\modules\imgproc\include\custom_hal.hpp">
      <Filter>Include</Filter>
    </ClInclude>
    <ClInclude Include="Src\hal_replacement.hpp">
      <Filter>Src</Filter>
    </ClInclude>
    <ClInclude Include="Src\_geom.h">
      <Filter>Src</Filter>
    </ClInclude>
    <ClInclude Include="Src\filterengine.hpp">
      <Filter>Src</Filter>
    </ClInclude>
    <ClInclude Include="Src\filter.hpp">
      <Filter>Src</Filter>
    </ClInclude>
  </ItemGroup>
  <ItemGroup>
    <ClCompile Include="Src\canny.cpp">
      <Filter>Src</Filter>
    </ClCompile>
    <ClCompile Include="Src\deriv.cpp">
      <Filter>Src</Filter>
    </ClCompile>
    <ClCompile Include="Src\sumpixels.cpp">
      <Filter>Src</Filter>
    </ClCompile>
    <ClCompile Include="Src\templmatch.cpp">
      <Filter>Src</Filter>
    </ClCompile>
    <ClCompile Include="Src\opencl_kernels_imgproc.cpp">
      <Filter>Src</Filter>
    </ClCompile>
    <ClCompile Include="Src\filter.cpp">
      <Filter>Src</Filter>
    </ClCompile>
  </ItemGroup>
</Project>