<?xml version="1.0" encoding="utf-8"?>
<Project ToolsVersion="4.0" xmlns="http://schemas.microsoft.com/developer/msbuild/2003">
  <ItemGroup>
    <Filter Include="Stc">
      <UniqueIdentifier>{5b5e1030-7662-4609-8a5b-06d69918c0d0}</UniqueIdentifier>
    </Filter>
    <Filter Include="Object Libraries">
      <UniqueIdentifier>{10dc8d53-c5e5-4d5a-9ec1-0779201b8f61}</UniqueIdentifier>
    </Filter>
  </ItemGroup>
  <ItemGroup>
    <ClCompile Include="src\shadowCorrection.cpp">
      <Filter>Stc</Filter>
    </ClCompile>
  </ItemGroup>
  <ItemGroup>
    <Object Include="obj\accum.avx.obj">
      <Filter>Object Libraries</Filter>
    </Object>
    <Object Include="obj\corner.avx.obj">
      <Filter>Object Libraries</Filter>
    </Object>
    <Object Include="obj\filter.avx2.obj">
      <Filter>Object Libraries</Filter>
    </Object>
    <Object Include="obj\imgwarp.avx2.obj">
      <Filter>Object Libraries</Filter>
    </Object>
    <Object Include="obj\imgwarp.sse4_1.obj">
      <Filter>Object Libraries</Filter>
    </Object>
    <Object Include="obj\resize.avx2.obj">
      <Filter>Object Libraries</Filter>
    </Object>
    <Object Include="obj\resize.sse4_1.obj">
      <Filter>Object Libraries</Filter>
    </Object>
    <Object Include="obj\undistort.avx2.obj">
      <Filter>Object Libraries</Filter>
    </Object>
  </ItemGroup>
</Project>