<?xml version="1.0" encoding="utf-8"?>
<Project ToolsVersion="4.0" xmlns="http://schemas.microsoft.com/developer/msbuild/2003">
  <ItemGroup>
    <Filter Include="Object Libraries">
      <UniqueIdentifier>{cc6584de-f3cc-4cae-9207-e685eedf4529}</UniqueIdentifier>
    </Filter>
    <Filter Include="Src">
      <UniqueIdentifier>{ccb857f3-2964-45e5-b8e2-9a992cc89ffc}</UniqueIdentifier>
    </Filter>
  </ItemGroup>
  <ItemGroup>
    <ClCompile Include="src\color.cpp">
      <Filter>Src</Filter>
    </ClCompile>
    <ClCompile Include="src\color_hsv.cpp">
      <Filter>Src</Filter>
    </ClCompile>
    <ClCompile Include="src\color_lab.cpp">
      <Filter>Src</Filter>
    </ClCompile>
    <ClCompile Include="src\color_rgb.cpp">
      <Filter>Src</Filter>
    </ClCompile>
    <ClCompile Include="src\color_yuv.cpp">
      <Filter>Src</Filter>
    </ClCompile>
    <ClCompile Include="src\colorIdentif.cpp">
      <Filter>Src</Filter>
    </ClCompile>
    <ClCompile Include="src\colormap.cpp">
      <Filter>Src</Filter>
    </ClCompile>
    <ClCompile Include="src\demosaicing.cpp">
      <Filter>Src</Filter>
    </ClCompile>
    <ClCompile Include="src\filter.cpp">
      <Filter>Src</Filter>
    </ClCompile>
    <ClCompile Include="src\histogram.cpp">
      <Filter>Src</Filter>
    </ClCompile>
    <ClCompile Include="src\opencl_kernels_imgproc.cpp">
      <Filter>Src</Filter>
    </ClCompile>
    <ClCompile Include="src\smooth.cpp">
      <Filter>Src</Filter>
    </ClCompile>
    <ClCompile Include="src\sumpixels.cpp">
      <Filter>Src</Filter>
    </ClCompile>
    <ClCompile Include="src\tables.cpp">
      <Filter>Src</Filter>
    </ClCompile>
    <ClCompile Include="src\templmatch.cpp">
      <Filter>Src</Filter>
    </ClCompile>
    <ClCompile Include="src\thresh.cpp">
      <Filter>Src</Filter>
    </ClCompile>
  </ItemGroup>
  <ItemGroup>
    <ClInclude Include="src\color.hpp">
      <Filter>Src</Filter>
    </ClInclude>
    <ClInclude Include="src\filter.hpp">
      <Filter>Src</Filter>
    </ClInclude>
    <ClInclude Include="src\filterengine.hpp">
      <Filter>Src</Filter>
    </ClInclude>
    <ClInclude Include="src\opencl_kernels_imgproc.hpp">
      <Filter>Src</Filter>
    </ClInclude>
    <ClInclude Include="src\precomp.hpp">
      <Filter>Src</Filter>
    </ClInclude>
  </ItemGroup>
  <ItemGroup>
    <Object Include="obj\accum.avx.obj">
      <Filter>Object Libraries</Filter>
    </Object>
    <Object Include="obj\corner.avx.obj">
      <Filter>Object Libraries</Filter>
    </Object>
    <Object Include="obj\filter.avx2.obj">
      <Filter>Object Libraries</Filter>
    </Object>
    <Object Include="obj\imgwarp.avx2.obj">
      <Filter>Object Libraries</Filter>
    </Object>
    <Object Include="obj\imgwarp.sse4_1.obj">
      <Filter>Object Libraries</Filter>
    </Object>
    <Object Include="obj\resize.avx2.obj">
      <Filter>Object Libraries</Filter>
    </Object>
    <Object Include="obj\resize.sse4_1.obj">
      <Filter>Object Libraries</Filter>
    </Object>
    <Object Include="obj\undistort.avx2.obj">
      <Filter>Object Libraries</Filter>
    </Object>
  </ItemGroup>
</Project>