<?xml version="1.0" encoding="utf-8"?>
<Project ToolsVersion="4.0" xmlns="http://schemas.microsoft.com/developer/msbuild/2003">
  <ItemGroup>
    <Filter Include="Include">
      <UniqueIdentifier>{93995380-89BD-4b04-88EB-625FBE52EBFB}</UniqueIdentifier>
      <Extensions>h;hh;hpp;hxx;hm;inl;inc;ipp;xsd</Extensions>
    </Filter>
    <Filter Include="Src">
      <UniqueIdentifier>{4FC737F1-C7A5-4376-A066-2A32D752A2FF}</UniqueIdentifier>
      <Extensions>cpp;c;cc;cxx;def;odl;idl;hpj;bat;asm;asmx</Extensions>
    </Filter>
    <Filter Include="Object Libraries">
      <UniqueIdentifier>{f8c5e6db-e72b-4069-805b-d81dfc1e9e91}</UniqueIdentifier>
    </Filter>
    <Filter Include="Src\opencl">
      <UniqueIdentifier>{d4c26eff-dac3-4677-8e68-bcf0d1f7adb7}</UniqueIdentifier>
    </Filter>
    <Filter Include="Src\opencl\kernels">
      <UniqueIdentifier>{d92c7753-538a-437c-b620-bf720dfb5d70}</UniqueIdentifier>
    </Filter>
    <Filter Include="Src\opencl\kernels\autogenerated">
      <UniqueIdentifier>{8c8b1022-3ef1-4608-941e-9322d0acd82c}</UniqueIdentifier>
    </Filter>
    <Filter Include="Include\opencv2">
      <UniqueIdentifier>{5375b9d3-f18e-4d33-a6dc-2851ae701718}</UniqueIdentifier>
    </Filter>
    <Filter Include="Include\opencv2\imgproc">
      <UniqueIdentifier>{e975abf5-7a29-40a5-9c51-498529fab07c}</UniqueIdentifier>
    </Filter>
    <Filter Include="Include\opencv2\imgproc\detail">
      <UniqueIdentifier>{bd7dc020-a5ec-4197-82dd-02939d92c32d}</UniqueIdentifier>
    </Filter>
    <Filter Include="Include\opencv2\imgproc\hal">
      <UniqueIdentifier>{b4f62f6c-5360-482c-a50e-38bc762f7064}</UniqueIdentifier>
    </Filter>
  </ItemGroup>
  <ItemGroup>
    <ClInclude Include="Src\_geom.h">
      <Filter>Src</Filter>
    </ClInclude>
    <ClInclude Include="Src\filterengine.hpp">
      <Filter>Src</Filter>
    </ClInclude>
    <ClInclude Include="Src\hal_replacement.hpp">
      <Filter>Src</Filter>
    </ClInclude>
    <ClInclude Include="Src\opencl_kernels_imgproc.hpp">
      <Filter>Src</Filter>
    </ClInclude>
    <ClInclude Include="Src\precomp.hpp">
      <Filter>Src</Filter>
    </ClInclude>
    <ClInclude Include="Src\opencl\kernels\autogenerated\opencl_kernels_imgproc.hpp">
      <Filter>Src\opencl\kernels\autogenerated</Filter>
    </ClInclude>
    <ClInclude Include="..\Include\modules\imgproc\include\cvconfig.h">
      <Filter>Include</Filter>
    </ClInclude>
    <ClInclude Include="..\Include\modules\imgproc\include\opencv2\opencv_modules.hpp">
      <Filter>Include</Filter>
    </ClInclude>
    <ClInclude Include="..\Include\modules\imgproc\include\opencv2\imgproc.hpp">
      <Filter>Include\opencv2</Filter>
    </ClInclude>
    <ClInclude Include="..\Include\modules\imgproc\include\opencv2\imgproc\imgproc.hpp">
      <Filter>Include\opencv2\imgproc</Filter>
    </ClInclude>
    <ClInclude Include="..\Include\modules\imgproc\include\opencv2\imgproc\imgproc_c.h">
      <Filter>Include\opencv2\imgproc</Filter>
    </ClInclude>
    <ClInclude Include="..\Include\modules\imgproc\include\opencv2\imgproc\types_c.h">
      <Filter>Include\opencv2\imgproc</Filter>
    </ClInclude>
    <ClInclude Include="..\Include\modules\imgproc\include\opencv2\imgproc\detail\distortion_model.hpp">
      <Filter>Include\opencv2\imgproc\detail</Filter>
    </ClInclude>
    <ClInclude Include="..\Include\modules\imgproc\include\opencv2\imgproc\hal\hal.hpp">
      <Filter>Include\opencv2\imgproc\hal</Filter>
    </ClInclude>
    <ClInclude Include="..\Include\modules\imgproc\include\opencv2\imgproc\hal\interface.h">
      <Filter>Include\opencv2\imgproc\hal</Filter>
    </ClInclude>
  </ItemGroup>
  <ItemGroup>
    <ClCompile Include="Src\drawing.cpp">
      <Filter>Src</Filter>
    </ClCompile>
    <ClCompile Include="Src\opencl_kernels_imgproc.cpp">
      <Filter>Src</Filter>
    </ClCompile>
    <ClCompile Include="Src\opencl\kernels\autogenerated\opencl_kernels_imgproc.cpp">
      <Filter>Src\opencl\kernels\autogenerated</Filter>
    </ClCompile>
    <ClCompile Include="Src\hershey_fonts.cpp">
      <Filter>Src</Filter>
    </ClCompile>
  </ItemGroup>
  <ItemGroup>
    <None Include="Src\opencl\kernels\accumulate.cl">
      <Filter>Src\opencl\kernels</Filter>
    </None>
    <None Include="Src\opencl\kernels\bilateral.cl">
      <Filter>Src\opencl\kernels</Filter>
    </None>
    <None Include="Src\opencl\kernels\blend_linear.cl">
      <Filter>Src\opencl\kernels</Filter>
    </None>
    <None Include="Src\opencl\kernels\boxFilter.cl">
      <Filter>Src\opencl\kernels</Filter>
    </None>
    <None Include="Src\opencl\kernels\boxFilter3x3.cl">
      <Filter>Src\opencl\kernels</Filter>
    </None>
    <None Include="Src\opencl\kernels\calc_back_project.cl">
      <Filter>Src\opencl\kernels</Filter>
    </None>
    <None Include="Src\opencl\kernels\canny.cl">
      <Filter>Src\opencl\kernels</Filter>
    </None>
    <None Include="Src\opencl\kernels\clahe.cl">
      <Filter>Src\opencl\kernels</Filter>
    </None>
    <None Include="Src\opencl\kernels\color_hsv.cl">
      <Filter>Src\opencl\kernels</Filter>
    </None>
    <None Include="Src\opencl\kernels\color_lab.cl">
      <Filter>Src\opencl\kernels</Filter>
    </None>
    <None Include="Src\opencl\kernels\color_rgb.cl">
      <Filter>Src\opencl\kernels</Filter>
    </None>
    <None Include="Src\opencl\kernels\color_yuv.cl">
      <Filter>Src\opencl\kernels</Filter>
    </None>
    <None Include="Src\opencl\kernels\corner.cl">
      <Filter>Src\opencl\kernels</Filter>
    </None>
    <None Include="Src\opencl\kernels\covardata.cl">
      <Filter>Src\opencl\kernels</Filter>
    </None>
    <None Include="Src\opencl\kernels\filter2D.cl">
      <Filter>Src\opencl\kernels</Filter>
    </None>
    <None Include="Src\opencl\kernels\filter2DSmall.cl">
      <Filter>Src\opencl\kernels</Filter>
    </None>
    <None Include="Src\opencl\kernels\filterSep_singlePass.cl">
      <Filter>Src\opencl\kernels</Filter>
    </None>
    <None Include="Src\opencl\kernels\filterSepCol.cl">
      <Filter>Src\opencl\kernels</Filter>
    </None>
    <None Include="Src\opencl\kernels\filterSepRow.cl">
      <Filter>Src\opencl\kernels</Filter>
    </None>
    <None Include="Src\opencl\kernels\filterSmall.cl">
      <Filter>Src\opencl\kernels</Filter>
    </None>
    <None Include="Src\opencl\kernels\gaussianBlur3x3.cl">
      <Filter>Src\opencl\kernels</Filter>
    </None>
    <None Include="Src\opencl\kernels\gaussianBlur5x5.cl">
      <Filter>Src\opencl\kernels</Filter>
    </None>
    <None Include="Src\opencl\kernels\gftt.cl">
      <Filter>Src\opencl\kernels</Filter>
    </None>
    <None Include="Src\opencl\kernels\histogram.cl">
      <Filter>Src\opencl\kernels</Filter>
    </None>
    <None Include="Src\opencl\kernels\hough_lines.cl">
      <Filter>Src\opencl\kernels</Filter>
    </None>
    <None Include="Src\opencl\kernels\integral_sum.cl">
      <Filter>Src\opencl\kernels</Filter>
    </None>
    <None Include="Src\opencl\kernels\laplacian3.cl">
      <Filter>Src\opencl\kernels</Filter>
    </None>
    <None Include="Src\opencl\kernels\laplacian5.cl">
      <Filter>Src\opencl\kernels</Filter>
    </None>
    <None Include="Src\opencl\kernels\linearPolar.cl">
      <Filter>Src\opencl\kernels</Filter>
    </None>
    <None Include="Src\opencl\kernels\logPolar.cl">
      <Filter>Src\opencl\kernels</Filter>
    </None>
    <None Include="Src\opencl\kernels\match_template.cl">
      <Filter>Src\opencl\kernels</Filter>
    </None>
    <None Include="Src\opencl\kernels\medianFilter.cl">
      <Filter>Src\opencl\kernels</Filter>
    </None>
    <None Include="Src\opencl\kernels\moments.cl">
      <Filter>Src\opencl\kernels</Filter>
    </None>
    <None Include="Src\opencl\kernels\morph.cl">
      <Filter>Src\opencl\kernels</Filter>
    </None>
    <None Include="Src\opencl\kernels\morph3x3.cl">
      <Filter>Src\opencl\kernels</Filter>
    </None>
    <None Include="Src\opencl\kernels\precornerdetect.cl">
      <Filter>Src\opencl\kernels</Filter>
    </None>
    <None Include="Src\opencl\kernels\pyr_down.cl">
      <Filter>Src\opencl\kernels</Filter>
    </None>
    <None Include="Src\opencl\kernels\pyr_up.cl">
      <Filter>Src\opencl\kernels</Filter>
    </None>
    <None Include="Src\opencl\kernels\pyramid_up.cl">
      <Filter>Src\opencl\kernels</Filter>
    </None>
    <None Include="Src\opencl\kernels\remap.cl">
      <Filter>Src\opencl\kernels</Filter>
    </None>
    <None Include="Src\opencl\kernels\resize.cl">
      <Filter>Src\opencl\kernels</Filter>
    </None>
    <None Include="Src\opencl\kernels\sepFilter3x3.cl">
      <Filter>Src\opencl\kernels</Filter>
    </None>
    <None Include="Src\opencl\kernels\threshold.cl">
      <Filter>Src\opencl\kernels</Filter>
    </None>
    <None Include="Src\opencl\kernels\warp_affine.cl">
      <Filter>Src\opencl\kernels</Filter>
    </None>
    <None Include="Src\opencl\kernels\warp_perspective.cl">
      <Filter>Src\opencl\kernels</Filter>
    </None>
    <None Include="Src\opencl\kernels\warp_transform.cl">
      <Filter>Src\opencl\kernels</Filter>
    </None>
  </ItemGroup>
  <ItemGroup>
    <Object Include="Object Libraries\accum.avx.obj">
      <Filter>Object Libraries</Filter>
    </Object>
    <Object Include="Object Libraries\corner.avx.obj">
      <Filter>Object Libraries</Filter>
    </Object>
    <Object Include="Object Libraries\filter.avx2.obj">
      <Filter>Object Libraries</Filter>
    </Object>
    <Object Include="Object Libraries\imgwarp.avx2.obj">
      <Filter>Object Libraries</Filter>
    </Object>
    <Object Include="Object Libraries\imgwarp.sse4_1.obj">
      <Filter>Object Libraries</Filter>
    </Object>
    <Object Include="Object Libraries\resize.avx2.obj">
      <Filter>Object Libraries</Filter>
    </Object>
    <Object Include="Object Libraries\resize.sse4_1.obj">
      <Filter>Object Libraries</Filter>
    </Object>
    <Object Include="Object Libraries\undistort.avx2.obj">
      <Filter>Object Libraries</Filter>
    </Object>
  </ItemGroup>
</Project>