<?xml version="1.0" encoding="utf-8"?>
<Project ToolsVersion="4.0" xmlns="http://schemas.microsoft.com/developer/msbuild/2003">
  <ItemGroup>
    <Filter Include="源文件">
      <UniqueIdentifier>{4FC737F1-C7A5-4376-A066-2A32D752A2FF}</UniqueIdentifier>
      <Extensions>cpp;c;cc;cxx;def;odl;idl;hpj;bat;asm;asmx</Extensions>
    </Filter>
    <Filter Include="头文件">
      <UniqueIdentifier>{93995380-89BD-4b04-88EB-625FBE52EBFB}</UniqueIdentifier>
      <Extensions>h;hh;hpp;hxx;hm;inl;inc;ipp;xsd</Extensions>
    </Filter>
    <Filter Include="资源文件">
      <UniqueIdentifier>{67DA6AB6-F800-4c08-8B7A-83BB121AAD01}</UniqueIdentifier>
      <Extensions>rc;ico;cur;bmp;dlg;rc2;rct;bin;rgs;gif;jpg;jpeg;jpe;resx;tiff;tif;png;wav;mfcribbon-ms</Extensions>
    </Filter>
    <Filter Include="头文件\opencv2">
      <UniqueIdentifier>{ff765dac-9c18-4ef8-810a-4e8031dae151}</UniqueIdentifier>
    </Filter>
    <Filter Include="头文件\opencv2\text">
      <UniqueIdentifier>{deb0e88a-831e-43d4-a636-cc3a96e724a9}</UniqueIdentifier>
    </Filter>
  </ItemGroup>
  <ItemGroup>
    <ClCompile Include="src\erfilter.cpp">
      <Filter>源文件</Filter>
    </ClCompile>
    <ClCompile Include="src\ocr_beamsearch_decoder.cpp">
      <Filter>源文件</Filter>
    </ClCompile>
    <ClCompile Include="src\ocr_hmm_decoder.cpp">
      <Filter>源文件</Filter>
    </ClCompile>
    <ClCompile Include="src\ocr_holistic.cpp">
      <Filter>源文件</Filter>
    </ClCompile>
    <ClCompile Include="src\ocr_tesseract.cpp">
      <Filter>源文件</Filter>
    </ClCompile>
    <ClCompile Include="src\opencv_text_pch.cpp">
      <Filter>源文件</Filter>
    </ClCompile>
    <ClCompile Include="src\text_detectorCNN.cpp">
      <Filter>源文件</Filter>
    </ClCompile>
    <ClCompile Include="src\opencv_text_main.cpp">
      <Filter>源文件</Filter>
    </ClCompile>
  </ItemGroup>
  <ItemGroup>
    <ClInclude Include="src\precomp.hpp">
      <Filter>源文件</Filter>
    </ClInclude>
    <ClInclude Include="include\cvconfig.h">
      <Filter>头文件</Filter>
    </ClInclude>
    <ClInclude Include="include\opencv_modules.hpp">
      <Filter>头文件</Filter>
    </ClInclude>
    <ClInclude Include="include\opencv2\text.hpp">
      <Filter>头文件\opencv2</Filter>
    </ClInclude>
    <ClInclude Include="include\opencv2\text\erfilter.hpp">
      <Filter>头文件\opencv2\text</Filter>
    </ClInclude>
    <ClInclude Include="include\opencv2\text\ocr.hpp">
      <Filter>头文件\opencv2\text</Filter>
    </ClInclude>
    <ClInclude Include="include\opencv2\text\textDetector.hpp">
      <Filter>头文件\opencv2\text</Filter>
    </ClInclude>
  </ItemGroup>
</Project>